// !$*UTF8*$!
{
	archiveVersion = 1;
	classes = {
	};
	objectVersion = 51;
	objects = {

/* Begin PBXBuildFile section */
		4A11857101FC0986E6428235 /* Pods_HTTPProxy.framework in Frameworks */ = {isa = PBXBuildFile; fileRef = 96BDDF51D4D6273C7A21265A /* Pods_HTTPProxy.framework */; };
		80093AEB24881A42000AD359 /* HTTPProxyFilter.swift in Sources */ = {isa = PBXBuildFile; fileRef = 80093AEA24881A42000AD359 /* HTTPProxyFilter.swift */; };
		80093AED24881BCB000AD359 /* RoundedView.swift in Sources */ = {isa = PBXBuildFile; fileRef = 80093AEC24881BCB000AD359 /* RoundedView.swift */; };
		80093AF124892FA8000AD359 /* RequestsListViewController.storyboard in Resources */ = {isa = PBXBuildFile; fileRef = 80093AF024892FA8000AD359 /* RequestsListViewController.storyboard */; };
		801453032493AC0D003DE46E /* CollectionViewCenterLayout.swift in Sources */ = {isa = PBXBuildFile; fileRef = 80093AEE24887DB9000AD359 /* CollectionViewCenterLayout.swift */; };
		801453052493AC4A003DE46E /* StringSpec.swift in Sources */ = {isa = PBXBuildFile; fileRef = 801453042493AC4A003DE46E /* StringSpec.swift */; };
		801509FF2523EB1700E9A419 /* LICENSE in Resources */ = {isa = PBXBuildFile; fileRef = 8015099B2523EB1600E9A419 /* LICENSE */; };
		80150A002523EB1700E9A419 /* CodeAttributedString.swift in Sources */ = {isa = PBXBuildFile; fileRef = 8015099D2523EB1600E9A419 /* CodeAttributedString.swift */; };
		80150A012523EB1700E9A419 /* Highlightr.swift in Sources */ = {isa = PBXBuildFile; fileRef = 8015099E2523EB1600E9A419 /* Highlightr.swift */; };
		80150A022523EB1700E9A419 /* HTMLUtils.swift in Sources */ = {isa = PBXBuildFile; fileRef = 8015099F2523EB1600E9A419 /* HTMLUtils.swift */; };
		80150A032523EB1700E9A419 /* Theme.swift in Sources */ = {isa = PBXBuildFile; fileRef = 801509A02523EB1600E9A419 /* Theme.swift */; };
		80150A042523EB1700E9A419 /* Shims.swift in Sources */ = {isa = PBXBuildFile; fileRef = 801509A12523EB1600E9A419 /* Shims.swift */; };
		80150A052523EB1700E9A419 /* vs.min.css in Resources */ = {isa = PBXBuildFile; fileRef = 801509A42523EB1600E9A419 /* vs.min.css */; };
		80150A062523EB1700E9A419 /* atelier-seaside-dark.min.css in Resources */ = {isa = PBXBuildFile; fileRef = 801509A52523EB1600E9A419 /* atelier-seaside-dark.min.css */; };
		80150A072523EB1700E9A419 /* isbl-editor-dark.min.css in Resources */ = {isa = PBXBuildFile; fileRef = 801509A62523EB1600E9A419 /* isbl-editor-dark.min.css */; };
		80150A082523EB1700E9A419 /* brown-paper.min.css in Resources */ = {isa = PBXBuildFile; fileRef = 801509A72523EB1600E9A419 /* brown-paper.min.css */; };
		80150A092523EB1700E9A419 /* atelier-plateau-light.min.css in Resources */ = {isa = PBXBuildFile; fileRef = 801509A82523EB1600E9A419 /* atelier-plateau-light.min.css */; };
		80150A0A2523EB1700E9A419 /* school-book.min.css in Resources */ = {isa = PBXBuildFile; fileRef = 801509A92523EB1600E9A419 /* school-book.min.css */; };
		80150A0B2523EB1700E9A419 /* xcode.min.css in Resources */ = {isa = PBXBuildFile; fileRef = 801509AA2523EB1600E9A419 /* xcode.min.css */; };
		80150A0C2523EB1700E9A419 /* atelier-sulphurpool-dark.min.css in Resources */ = {isa = PBXBuildFile; fileRef = 801509AB2523EB1600E9A419 /* atelier-sulphurpool-dark.min.css */; };
		80150A0D2523EB1700E9A419 /* tomorrow-night-blue.min.css in Resources */ = {isa = PBXBuildFile; fileRef = 801509AC2523EB1600E9A419 /* tomorrow-night-blue.min.css */; };
		80150A0E2523EB1700E9A419 /* vs2015.min.css in Resources */ = {isa = PBXBuildFile; fileRef = 801509AD2523EB1600E9A419 /* vs2015.min.css */; };
		80150A0F2523EB1700E9A419 /* atelier-heath-dark.min.css in Resources */ = {isa = PBXBuildFile; fileRef = 801509AE2523EB1600E9A419 /* atelier-heath-dark.min.css */; };
		80150A102523EB1700E9A419 /* paraiso-light.min.css in Resources */ = {isa = PBXBuildFile; fileRef = 801509AF2523EB1600E9A419 /* paraiso-light.min.css */; };
		80150A112523EB1700E9A419 /* rainbow.min.css in Resources */ = {isa = PBXBuildFile; fileRef = 801509B02523EB1600E9A419 /* rainbow.min.css */; };
		80150A122523EB1700E9A419 /* qtcreator_light.min.css in Resources */ = {isa = PBXBuildFile; fileRef = 801509B12523EB1600E9A419 /* qtcreator_light.min.css */; };
		80150A132523EB1700E9A419 /* a11y-light.min.css in Resources */ = {isa = PBXBuildFile; fileRef = 801509B22523EB1600E9A419 /* a11y-light.min.css */; };
		80150A142523EB1700E9A419 /* kimbie.dark.min.css in Resources */ = {isa = PBXBuildFile; fileRef = 801509B32523EB1600E9A419 /* kimbie.dark.min.css */; };
		80150A152523EB1700E9A419 /* atelier-heath-light.min.css in Resources */ = {isa = PBXBuildFile; fileRef = 801509B42523EB1600E9A419 /* atelier-heath-light.min.css */; };
		80150A162523EB1700E9A419 /* far.min.css in Resources */ = {isa = PBXBuildFile; fileRef = 801509B52523EB1600E9A419 /* far.min.css */; };
		80150A172523EB1700E9A419 /* atelier-dune-dark.min.css in Resources */ = {isa = PBXBuildFile; fileRef = 801509B62523EB1600E9A419 /* atelier-dune-dark.min.css */; };
		80150A182523EB1700E9A419 /* shades-of-purple.min.css in Resources */ = {isa = PBXBuildFile; fileRef = 801509B72523EB1600E9A419 /* shades-of-purple.min.css */; };
		80150A192523EB1700E9A419 /* kimbie.light.min.css in Resources */ = {isa = PBXBuildFile; fileRef = 801509B82523EB1600E9A419 /* kimbie.light.min.css */; };
		80150A1A2523EB1700E9A419 /* railscasts.min.css in Resources */ = {isa = PBXBuildFile; fileRef = 801509B92523EB1600E9A419 /* railscasts.min.css */; };
		80150A1B2523EB1700E9A419 /* solarized-dark.min.css in Resources */ = {isa = PBXBuildFile; fileRef = 801509BA2523EB1600E9A419 /* solarized-dark.min.css */; };
		80150A1C2523EB1700E9A419 /* atelier-estuary-light.min.css in Resources */ = {isa = PBXBuildFile; fileRef = 801509BB2523EB1600E9A419 /* atelier-estuary-light.min.css */; };
		80150A1D2523EB1700E9A419 /* xt256.min.css in Resources */ = {isa = PBXBuildFile; fileRef = 801509BC2523EB1600E9A419 /* xt256.min.css */; };
		80150A1E2523EB1700E9A419 /* mono-blue.min.css in Resources */ = {isa = PBXBuildFile; fileRef = 801509BD2523EB1600E9A419 /* mono-blue.min.css */; };
		80150A1F2523EB1700E9A419 /* ocean.min.css in Resources */ = {isa = PBXBuildFile; fileRef = 801509BE2523EB1600E9A419 /* ocean.min.css */; };
		80150A202523EB1700E9A419 /* github-gist.min.css in Resources */ = {isa = PBXBuildFile; fileRef = 801509BF2523EB1600E9A419 /* github-gist.min.css */; };
		80150A212523EB1700E9A419 /* atelier-seaside-light.min.css in Resources */ = {isa = PBXBuildFile; fileRef = 801509C02523EB1600E9A419 /* atelier-seaside-light.min.css */; };
		80150A222523EB1700E9A419 /* tomorrow-night-eighties.min.css in Resources */ = {isa = PBXBuildFile; fileRef = 801509C12523EB1600E9A419 /* tomorrow-night-eighties.min.css */; };
		80150A232523EB1700E9A419 /* atom-one-dark.min.css in Resources */ = {isa = PBXBuildFile; fileRef = 801509C22523EB1600E9A419 /* atom-one-dark.min.css */; };
		80150A242523EB1700E9A419 /* qtcreator_dark.min.css in Resources */ = {isa = PBXBuildFile; fileRef = 801509C32523EB1600E9A419 /* qtcreator_dark.min.css */; };
		80150A252523EB1700E9A419 /* atelier-savanna-dark.min.css in Resources */ = {isa = PBXBuildFile; fileRef = 801509C42523EB1600E9A419 /* atelier-savanna-dark.min.css */; };
		80150A262523EB1700E9A419 /* color-brewer.min.css in Resources */ = {isa = PBXBuildFile; fileRef = 801509C52523EB1600E9A419 /* color-brewer.min.css */; };
		80150A272523EB1700E9A419 /* pojoaque.min.css in Resources */ = {isa = PBXBuildFile; fileRef = 801509C62523EB1600E9A419 /* pojoaque.min.css */; };
		80150A282523EB1700E9A419 /* routeros.min.css in Resources */ = {isa = PBXBuildFile; fileRef = 801509C72523EB1600E9A419 /* routeros.min.css */; };
		80150A292523EB1700E9A419 /* atelier-forest-dark.min.css in Resources */ = {isa = PBXBuildFile; fileRef = 801509C82523EB1600E9A419 /* atelier-forest-dark.min.css */; };
		80150A2A2523EB1700E9A419 /* gml.min.css in Resources */ = {isa = PBXBuildFile; fileRef = 801509C92523EB1600E9A419 /* gml.min.css */; };
		80150A2B2523EB1700E9A419 /* tomorrow-night.min.css in Resources */ = {isa = PBXBuildFile; fileRef = 801509CA2523EB1600E9A419 /* tomorrow-night.min.css */; };
		80150A2C2523EB1700E9A419 /* obsidian.min.css in Resources */ = {isa = PBXBuildFile; fileRef = 801509CB2523EB1600E9A419 /* obsidian.min.css */; };
		80150A2D2523EB1700E9A419 /* lightfair.min.css in Resources */ = {isa = PBXBuildFile; fileRef = 801509CC2523EB1600E9A419 /* lightfair.min.css */; };
		80150A2E2523EB1700E9A419 /* atelier-lakeside-dark.min.css in Resources */ = {isa = PBXBuildFile; fileRef = 801509CD2523EB1600E9A419 /* atelier-lakeside-dark.min.css */; };
		80150A2F2523EB1700E9A419 /* gruvbox-light.min.css in Resources */ = {isa = PBXBuildFile; fileRef = 801509CE2523EB1600E9A419 /* gruvbox-light.min.css */; };
		80150A302523EB1700E9A419 /* idea.min.css in Resources */ = {isa = PBXBuildFile; fileRef = 801509CF2523EB1600E9A419 /* idea.min.css */; };
		80150A312523EB1700E9A419 /* tomorrow.min.css in Resources */ = {isa = PBXBuildFile; fileRef = 801509D02523EB1600E9A419 /* tomorrow.min.css */; };
		80150A322523EB1700E9A419 /* atelier-forest-light.min.css in Resources */ = {isa = PBXBuildFile; fileRef = 801509D12523EB1600E9A419 /* atelier-forest-light.min.css */; };
		80150A332523EB1700E9A419 /* arduino-light.min.css in Resources */ = {isa = PBXBuildFile; fileRef = 801509D22523EB1600E9A419 /* arduino-light.min.css */; };
		80150A342523EB1700E9A419 /* gruvbox-dark.min.css in Resources */ = {isa = PBXBuildFile; fileRef = 801509D32523EB1600E9A419 /* gruvbox-dark.min.css */; };
		80150A352523EB1700E9A419 /* dracula.min.css in Resources */ = {isa = PBXBuildFile; fileRef = 801509D42523EB1600E9A419 /* dracula.min.css */; };
		80150A362523EB1700E9A419 /* magula.min.css in Resources */ = {isa = PBXBuildFile; fileRef = 801509D52523EB1600E9A419 /* magula.min.css */; };
		80150A372523EB1700E9A419 /* arta.min.css in Resources */ = {isa = PBXBuildFile; fileRef = 801509D62523EB1600E9A419 /* arta.min.css */; };
		80150A382523EB1700E9A419 /* purebasic.min.css in Resources */ = {isa = PBXBuildFile; fileRef = 801509D72523EB1600E9A419 /* purebasic.min.css */; };
		80150A392523EB1700E9A419 /* hopscotch.min.css in Resources */ = {isa = PBXBuildFile; fileRef = 801509D82523EB1600E9A419 /* hopscotch.min.css */; };
		80150A3A2523EB1700E9A419 /* github.min.css in Resources */ = {isa = PBXBuildFile; fileRef = 801509D92523EB1600E9A419 /* github.min.css */; };
		80150A3B2523EB1700E9A419 /* nord.min.css in Resources */ = {isa = PBXBuildFile; fileRef = 801509DA2523EB1600E9A419 /* nord.min.css */; };
		80150A3C2523EB1700E9A419 /* dark.min.css in Resources */ = {isa = PBXBuildFile; fileRef = 801509DB2523EB1600E9A419 /* dark.min.css */; };
		80150A3D2523EB1700E9A419 /* atom-one-light.min.css in Resources */ = {isa = PBXBuildFile; fileRef = 801509DC2523EB1600E9A419 /* atom-one-light.min.css */; };
		80150A3E2523EB1700E9A419 /* monokai.min.css in Resources */ = {isa = PBXBuildFile; fileRef = 801509DD2523EB1600E9A419 /* monokai.min.css */; };
		80150A3F2523EB1700E9A419 /* docco.min.css in Resources */ = {isa = PBXBuildFile; fileRef = 801509DE2523EB1600E9A419 /* docco.min.css */; };
		80150A402523EB1700E9A419 /* default.min.css in Resources */ = {isa = PBXBuildFile; fileRef = 801509DF2523EB1600E9A419 /* default.min.css */; };
		80150A412523EB1700E9A419 /* ascetic.min.css in Resources */ = {isa = PBXBuildFile; fileRef = 801509E02523EB1600E9A419 /* ascetic.min.css */; };
		80150A422523EB1700E9A419 /* isbl-editor-light.min.css in Resources */ = {isa = PBXBuildFile; fileRef = 801509E12523EB1600E9A419 /* isbl-editor-light.min.css */; };
		80150A432523EB1700E9A419 /* atelier-cave-light.min.css in Resources */ = {isa = PBXBuildFile; fileRef = 801509E22523EB1600E9A419 /* atelier-cave-light.min.css */; };
		80150A442523EB1700E9A419 /* a11y-dark.min.css in Resources */ = {isa = PBXBuildFile; fileRef = 801509E32523EB1600E9A419 /* a11y-dark.min.css */; };
		80150A452523EB1700E9A419 /* atelier-sulphurpool-light.min.css in Resources */ = {isa = PBXBuildFile; fileRef = 801509E42523EB1600E9A419 /* atelier-sulphurpool-light.min.css */; };
		80150A462523EB1700E9A419 /* atelier-plateau-dark.min.css in Resources */ = {isa = PBXBuildFile; fileRef = 801509E52523EB1600E9A419 /* atelier-plateau-dark.min.css */; };
		80150A472523EB1700E9A419 /* darkula.min.css in Resources */ = {isa = PBXBuildFile; fileRef = 801509E62523EB1600E9A419 /* darkula.min.css */; };
		80150A482523EB1700E9A419 /* atelier-cave-dark.min.css in Resources */ = {isa = PBXBuildFile; fileRef = 801509E72523EB1600E9A419 /* atelier-cave-dark.min.css */; };
		80150A492523EB1700E9A419 /* ir-black.min.css in Resources */ = {isa = PBXBuildFile; fileRef = 801509E82523EB1600E9A419 /* ir-black.min.css */; };
		80150A4A2523EB1700E9A419 /* solarized-light.min.css in Resources */ = {isa = PBXBuildFile; fileRef = 801509E92523EB1600E9A419 /* solarized-light.min.css */; };
		80150A4B2523EB1700E9A419 /* tomorrow-night-bright.min.css in Resources */ = {isa = PBXBuildFile; fileRef = 801509EA2523EB1600E9A419 /* tomorrow-night-bright.min.css */; };
		80150A4C2523EB1700E9A419 /* atelier-savanna-light.min.css in Resources */ = {isa = PBXBuildFile; fileRef = 801509EB2523EB1600E9A419 /* atelier-savanna-light.min.css */; };
		80150A4D2523EB1700E9A419 /* foundation.min.css in Resources */ = {isa = PBXBuildFile; fileRef = 801509EC2523EB1600E9A419 /* foundation.min.css */; };
		80150A4E2523EB1700E9A419 /* codepen-embed.min.css in Resources */ = {isa = PBXBuildFile; fileRef = 801509ED2523EB1600E9A419 /* codepen-embed.min.css */; };
		80150A4F2523EB1700E9A419 /* atelier-estuary-dark.min.css in Resources */ = {isa = PBXBuildFile; fileRef = 801509EE2523EB1600E9A419 /* atelier-estuary-dark.min.css */; };
		80150A502523EB1700E9A419 /* googlecode.min.css in Resources */ = {isa = PBXBuildFile; fileRef = 801509EF2523EB1600E9A419 /* googlecode.min.css */; };
		80150A512523EB1700E9A419 /* atom-one-dark-reasonable.min.css in Resources */ = {isa = PBXBuildFile; fileRef = 801509F02523EB1700E9A419 /* atom-one-dark-reasonable.min.css */; };
		80150A522523EB1700E9A419 /* atelier-dune-light.min.css in Resources */ = {isa = PBXBuildFile; fileRef = 801509F12523EB1700E9A419 /* atelier-dune-light.min.css */; };
		80150A532523EB1700E9A419 /* paraiso-dark.min.css in Resources */ = {isa = PBXBuildFile; fileRef = 801509F22523EB1700E9A419 /* paraiso-dark.min.css */; };
		80150A542523EB1700E9A419 /* zenburn.min.css in Resources */ = {isa = PBXBuildFile; fileRef = 801509F32523EB1700E9A419 /* zenburn.min.css */; };
		80150A552523EB1700E9A419 /* androidstudio.min.css in Resources */ = {isa = PBXBuildFile; fileRef = 801509F42523EB1700E9A419 /* androidstudio.min.css */; };
		80150A562523EB1700E9A419 /* grayscale.min.css in Resources */ = {isa = PBXBuildFile; fileRef = 801509F52523EB1700E9A419 /* grayscale.min.css */; };
		80150A572523EB1700E9A419 /* sunburst.min.css in Resources */ = {isa = PBXBuildFile; fileRef = 801509F62523EB1700E9A419 /* sunburst.min.css */; };
		80150A582523EB1700E9A419 /* agate.min.css in Resources */ = {isa = PBXBuildFile; fileRef = 801509F72523EB1700E9A419 /* agate.min.css */; };
		80150A592523EB1700E9A419 /* hybrid.min.css in Resources */ = {isa = PBXBuildFile; fileRef = 801509F82523EB1700E9A419 /* hybrid.min.css */; };
		80150A5A2523EB1700E9A419 /* darcula.min.css in Resources */ = {isa = PBXBuildFile; fileRef = 801509F92523EB1700E9A419 /* darcula.min.css */; };
		80150A5B2523EB1700E9A419 /* atelier-lakeside-light.min.css in Resources */ = {isa = PBXBuildFile; fileRef = 801509FA2523EB1700E9A419 /* atelier-lakeside-light.min.css */; };
		80150A5C2523EB1700E9A419 /* monokai-sublime.min.css in Resources */ = {isa = PBXBuildFile; fileRef = 801509FB2523EB1700E9A419 /* monokai-sublime.min.css */; };
		80150A5D2523EB1700E9A419 /* an-old-hope.min.css in Resources */ = {isa = PBXBuildFile; fileRef = 801509FC2523EB1700E9A419 /* an-old-hope.min.css */; };
		80150A5E2523EB1700E9A419 /* highlight.min.js in Resources */ = {isa = PBXBuildFile; fileRef = 801509FE2523EB1700E9A419 /* highlight.min.js */; };
		8020256B250AA666009A4BAB /* NSAttributedString.swift in Sources */ = {isa = PBXBuildFile; fileRef = 8020256A250AA666009A4BAB /* NSAttributedString.swift */; };
		8020256D250AA7F7009A4BAB /* NSString_RangesSpec.swift in Sources */ = {isa = PBXBuildFile; fileRef = 8020256C250AA7F7009A4BAB /* NSString_RangesSpec.swift */; };
		8028414B24C61BAC00340D23 /* SelectableLabel.swift in Sources */ = {isa = PBXBuildFile; fileRef = 8028414A24C61BAC00340D23 /* SelectableLabel.swift */; };
		8047F9BC252BB4E70088EB54 /* TextViewerViewModel.swift in Sources */ = {isa = PBXBuildFile; fileRef = 8047F9BB252BB4E70088EB54 /* TextViewerViewModel.swift */; };
		8047F9C0252BB54D0088EB54 /* Observable.swift in Sources */ = {isa = PBXBuildFile; fileRef = 8047F9BF252BB54D0088EB54 /* Observable.swift */; };
		806E1AB02427948D005D7E24 /* AppDelegate.swift in Sources */ = {isa = PBXBuildFile; fileRef = 806E1AAF2427948D005D7E24 /* AppDelegate.swift */; };
		806E1AB22427948D005D7E24 /* ViewController.swift in Sources */ = {isa = PBXBuildFile; fileRef = 806E1AB12427948D005D7E24 /* ViewController.swift */; };
		806E1AB52427948D005D7E24 /* Main.storyboard in Resources */ = {isa = PBXBuildFile; fileRef = 806E1AB32427948D005D7E24 /* Main.storyboard */; };
		806E1AB72427948F005D7E24 /* Assets.xcassets in Resources */ = {isa = PBXBuildFile; fileRef = 806E1AB62427948F005D7E24 /* Assets.xcassets */; };
		806E1ABA2427948F005D7E24 /* LaunchScreen.storyboard in Resources */ = {isa = PBXBuildFile; fileRef = 806E1AB82427948F005D7E24 /* LaunchScreen.storyboard */; };
		806E1AC52427948F005D7E24 /* HTTPProxyTests.swift in Sources */ = {isa = PBXBuildFile; fileRef = 806E1AC42427948F005D7E24 /* HTTPProxyTests.swift */; };
		806E1AD02427948F005D7E24 /* HTTPProxyUITests.swift in Sources */ = {isa = PBXBuildFile; fileRef = 806E1ACF2427948F005D7E24 /* HTTPProxyUITests.swift */; };
		809F5D132440717C00E27F17 /* ColorScheme.swift in Sources */ = {isa = PBXBuildFile; fileRef = 809F5D122440717C00E27F17 /* ColorScheme.swift */; };
		80BF81F9243F5B60001D54ED /* HeadersListController.swift in Sources */ = {isa = PBXBuildFile; fileRef = 80BF81F8243F5B60001D54ED /* HeadersListController.swift */; };
		80C632F6248BB0DA00B36353 /* EditFilterViewController.swift in Sources */ = {isa = PBXBuildFile; fileRef = 80C632F5248BB0DA00B36353 /* EditFilterViewController.swift */; };
		80C632FA248D09CF00B36353 /* EditFilterViewController.storyboard in Resources */ = {isa = PBXBuildFile; fileRef = 80C632F9248D09CF00B36353 /* EditFilterViewController.storyboard */; };
		80CF4B14248A9E4A00756F51 /* RequestListFilterSpec.swift in Sources */ = {isa = PBXBuildFile; fileRef = 80CF4B13248A9E4A00756F51 /* RequestListFilterSpec.swift */; };
		80D4917A24852890007325AF /* RequestFilterViewController.swift in Sources */ = {isa = PBXBuildFile; fileRef = 80D4917824852890007325AF /* RequestFilterViewController.swift */; };
		80D7D9D9244473CD00D115C1 /* HTTPProxyUI.swift in Sources */ = {isa = PBXBuildFile; fileRef = 80D7D9D8244473CD00D115C1 /* HTTPProxyUI.swift */; };
		80EF1E87242798140016D0A2 /* Data.swift in Sources */ = {isa = PBXBuildFile; fileRef = 80EF1E5B242798140016D0A2 /* Data.swift */; };
		80EF1E88242798140016D0A2 /* UIColor.swift in Sources */ = {isa = PBXBuildFile; fileRef = 80EF1E5C242798140016D0A2 /* UIColor.swift */; };
		80EF1E8B242798140016D0A2 /* String.swift in Sources */ = {isa = PBXBuildFile; fileRef = 80EF1E5F242798140016D0A2 /* String.swift */; };
		80EF1E8C242798140016D0A2 /* UIFont.swift in Sources */ = {isa = PBXBuildFile; fileRef = 80EF1E60242798140016D0A2 /* UIFont.swift */; };
		80EF1E8D242798140016D0A2 /* UIWindow+ShakeGesture.swift in Sources */ = {isa = PBXBuildFile; fileRef = 80EF1E61242798140016D0A2 /* UIWindow+ShakeGesture.swift */; };
		80EF1E8F242798140016D0A2 /* TextViewerViewController.xib in Resources */ = {isa = PBXBuildFile; fileRef = 80EF1E65242798140016D0A2 /* TextViewerViewController.xib */; };
		80EF1E90242798140016D0A2 /* TextViewerViewController.swift in Sources */ = {isa = PBXBuildFile; fileRef = 80EF1E66242798140016D0A2 /* TextViewerViewController.swift */; };
		80EF1E93242798140016D0A2 /* SearchableListViewController.swift in Sources */ = {isa = PBXBuildFile; fileRef = 80EF1E6A242798140016D0A2 /* SearchableListViewController.swift */; };
		80EF1E94242798140016D0A2 /* RequestDetailsPresenter.swift in Sources */ = {isa = PBXBuildFile; fileRef = 80EF1E6B242798140016D0A2 /* RequestDetailsPresenter.swift */; };
		80EF1E95242798140016D0A2 /* SearchableListViewController.xib in Resources */ = {isa = PBXBuildFile; fileRef = 80EF1E6C242798140016D0A2 /* SearchableListViewController.xib */; };
		80EF1E9B242798140016D0A2 /* RequestDetailsViewController.xib in Resources */ = {isa = PBXBuildFile; fileRef = 80EF1E72242798140016D0A2 /* RequestDetailsViewController.xib */; };
		80EF1E9D242798140016D0A2 /* RequestDetailsViewController.swift in Sources */ = {isa = PBXBuildFile; fileRef = 80EF1E74242798140016D0A2 /* RequestDetailsViewController.swift */; };
		80EF1E9E242798140016D0A2 /* RequestsListCell.xib in Resources */ = {isa = PBXBuildFile; fileRef = 80EF1E76242798140016D0A2 /* RequestsListCell.xib */; };
		80EF1E9F242798140016D0A2 /* RequestViewModel.swift in Sources */ = {isa = PBXBuildFile; fileRef = 80EF1E77242798140016D0A2 /* RequestViewModel.swift */; };
		80EF1EA1242798140016D0A2 /* RequestsListViewController.swift in Sources */ = {isa = PBXBuildFile; fileRef = 80EF1E79242798140016D0A2 /* RequestsListViewController.swift */; };
		80EF1EA2242798140016D0A2 /* RequestsListCell.swift in Sources */ = {isa = PBXBuildFile; fileRef = 80EF1E7A242798140016D0A2 /* RequestsListCell.swift */; };
		80EF1EA3242798140016D0A2 /* RequestsListPresenter.swift in Sources */ = {isa = PBXBuildFile; fileRef = 80EF1E7B242798140016D0A2 /* RequestsListPresenter.swift */; };
		80EF1EA4242798140016D0A2 /* HTTPProxyPresenter.swift in Sources */ = {isa = PBXBuildFile; fileRef = 80EF1E7C242798140016D0A2 /* HTTPProxyPresenter.swift */; };
		80EF1EA6242798140016D0A2 /* HTTPProxyDelegate.swift in Sources */ = {isa = PBXBuildFile; fileRef = 80EF1E7F242798140016D0A2 /* HTTPProxyDelegate.swift */; };
		80EF1EA7242798140016D0A2 /* HTTPProxyRequestInterceptor.swift in Sources */ = {isa = PBXBuildFile; fileRef = 80EF1E80242798140016D0A2 /* HTTPProxyRequestInterceptor.swift */; };
		80EF1EA8242798140016D0A2 /* HTTPProxyRequestInterceptorDelegate.swift in Sources */ = {isa = PBXBuildFile; fileRef = 80EF1E81242798140016D0A2 /* HTTPProxyRequestInterceptorDelegate.swift */; };
		80EF1EAA242798140016D0A2 /* HTTPRequest.swift in Sources */ = {isa = PBXBuildFile; fileRef = 80EF1E83242798140016D0A2 /* HTTPRequest.swift */; };
		80EF1EAB242798140016D0A2 /* HTTPResponse.swift in Sources */ = {isa = PBXBuildFile; fileRef = 80EF1E84242798140016D0A2 /* HTTPResponse.swift */; };
		80EF1EAC242798140016D0A2 /* HTTPProxy.swift in Sources */ = {isa = PBXBuildFile; fileRef = 80EF1E85242798140016D0A2 /* HTTPProxy.swift */; };
		80EF1EAD242798140016D0A2 /* HTTPProxyURLProtocol.swift in Sources */ = {isa = PBXBuildFile; fileRef = 80EF1E86242798140016D0A2 /* HTTPProxyURLProtocol.swift */; };
		F9911ECD06944A91D380F964 /* Pods_HTTPProxyTests.framework in Frameworks */ = {isa = PBXBuildFile; fileRef = 1ADCA4653BB56FC6647819D7 /* Pods_HTTPProxyTests.framework */; };
/* End PBXBuildFile section */

/* Begin PBXContainerItemProxy section */
		806E1AC12427948F005D7E24 /* PBXContainerItemProxy */ = {
			isa = PBXContainerItemProxy;
			containerPortal = 806E1AA42427948D005D7E24 /* Project object */;
			proxyType = 1;
			remoteGlobalIDString = 806E1AAB2427948D005D7E24;
			remoteInfo = HTTPProxy;
		};
		806E1ACC2427948F005D7E24 /* PBXContainerItemProxy */ = {
			isa = PBXContainerItemProxy;
			containerPortal = 806E1AA42427948D005D7E24 /* Project object */;
			proxyType = 1;
			remoteGlobalIDString = 806E1AAB2427948D005D7E24;
			remoteInfo = HTTPProxy;
		};
/* End PBXContainerItemProxy section */

/* Begin PBXCopyFilesBuildPhase section */
		80DC7BFD2428C9CF00FBF68A /* Embed Frameworks */ = {
			isa = PBXCopyFilesBuildPhase;
			buildActionMask = 2147483647;
			dstPath = "";
			dstSubfolderSpec = 10;
			files = (
			);
			name = "Embed Frameworks";
			runOnlyForDeploymentPostprocessing = 0;
		};
/* End PBXCopyFilesBuildPhase section */

/* Begin PBXFileReference section */
		1ADCA4653BB56FC6647819D7 /* Pods_HTTPProxyTests.framework */ = {isa = PBXFileReference; explicitFileType = wrapper.framework; includeInIndex = 0; path = Pods_HTTPProxyTests.framework; sourceTree = BUILT_PRODUCTS_DIR; };
		25BF2623F2C00FBC01321027 /* Pods-HTTPProxy.debug.xcconfig */ = {isa = PBXFileReference; includeInIndex = 1; lastKnownFileType = text.xcconfig; name = "Pods-HTTPProxy.debug.xcconfig"; path = "Target Support Files/Pods-HTTPProxy/Pods-HTTPProxy.debug.xcconfig"; sourceTree = "<group>"; };
		798A58489DB5225C5513C8EE /* Pods-HTTPProxyTests.release.xcconfig */ = {isa = PBXFileReference; includeInIndex = 1; lastKnownFileType = text.xcconfig; name = "Pods-HTTPProxyTests.release.xcconfig"; path = "Target Support Files/Pods-HTTPProxyTests/Pods-HTTPProxyTests.release.xcconfig"; sourceTree = "<group>"; };
		80093AEA24881A42000AD359 /* HTTPProxyFilter.swift */ = {isa = PBXFileReference; lastKnownFileType = sourcecode.swift; path = HTTPProxyFilter.swift; sourceTree = "<group>"; };
		80093AEC24881BCB000AD359 /* RoundedView.swift */ = {isa = PBXFileReference; lastKnownFileType = sourcecode.swift; path = RoundedView.swift; sourceTree = "<group>"; };
		80093AEE24887DB9000AD359 /* CollectionViewCenterLayout.swift */ = {isa = PBXFileReference; lastKnownFileType = sourcecode.swift; path = CollectionViewCenterLayout.swift; sourceTree = "<group>"; };
		80093AF024892FA8000AD359 /* RequestsListViewController.storyboard */ = {isa = PBXFileReference; lastKnownFileType = file.storyboard; path = RequestsListViewController.storyboard; sourceTree = "<group>"; };
		801453042493AC4A003DE46E /* StringSpec.swift */ = {isa = PBXFileReference; lastKnownFileType = sourcecode.swift; path = StringSpec.swift; sourceTree = "<group>"; };
		8015099B2523EB1600E9A419 /* LICENSE */ = {isa = PBXFileReference; fileEncoding = 4; lastKnownFileType = text; path = LICENSE; sourceTree = "<group>"; };
		8015099D2523EB1600E9A419 /* CodeAttributedString.swift */ = {isa = PBXFileReference; fileEncoding = 4; lastKnownFileType = sourcecode.swift; path = CodeAttributedString.swift; sourceTree = "<group>"; };
		8015099E2523EB1600E9A419 /* Highlightr.swift */ = {isa = PBXFileReference; fileEncoding = 4; lastKnownFileType = sourcecode.swift; path = Highlightr.swift; sourceTree = "<group>"; };
		8015099F2523EB1600E9A419 /* HTMLUtils.swift */ = {isa = PBXFileReference; fileEncoding = 4; lastKnownFileType = sourcecode.swift; path = HTMLUtils.swift; sourceTree = "<group>"; };
		801509A02523EB1600E9A419 /* Theme.swift */ = {isa = PBXFileReference; fileEncoding = 4; lastKnownFileType = sourcecode.swift; path = Theme.swift; sourceTree = "<group>"; };
		801509A12523EB1600E9A419 /* Shims.swift */ = {isa = PBXFileReference; fileEncoding = 4; lastKnownFileType = sourcecode.swift; path = Shims.swift; sourceTree = "<group>"; };
		801509A42523EB1600E9A419 /* vs.min.css */ = {isa = PBXFileReference; fileEncoding = 4; lastKnownFileType = text.css; path = vs.min.css; sourceTree = "<group>"; };
		801509A52523EB1600E9A419 /* atelier-seaside-dark.min.css */ = {isa = PBXFileReference; fileEncoding = 4; lastKnownFileType = text.css; path = "atelier-seaside-dark.min.css"; sourceTree = "<group>"; };
		801509A62523EB1600E9A419 /* isbl-editor-dark.min.css */ = {isa = PBXFileReference; fileEncoding = 4; lastKnownFileType = text.css; path = "isbl-editor-dark.min.css"; sourceTree = "<group>"; };
		801509A72523EB1600E9A419 /* brown-paper.min.css */ = {isa = PBXFileReference; fileEncoding = 4; lastKnownFileType = text.css; path = "brown-paper.min.css"; sourceTree = "<group>"; };
		801509A82523EB1600E9A419 /* atelier-plateau-light.min.css */ = {isa = PBXFileReference; fileEncoding = 4; lastKnownFileType = text.css; path = "atelier-plateau-light.min.css"; sourceTree = "<group>"; };
		801509A92523EB1600E9A419 /* school-book.min.css */ = {isa = PBXFileReference; fileEncoding = 4; lastKnownFileType = text.css; path = "school-book.min.css"; sourceTree = "<group>"; };
		801509AA2523EB1600E9A419 /* xcode.min.css */ = {isa = PBXFileReference; fileEncoding = 4; lastKnownFileType = text.css; path = xcode.min.css; sourceTree = "<group>"; };
		801509AB2523EB1600E9A419 /* atelier-sulphurpool-dark.min.css */ = {isa = PBXFileReference; fileEncoding = 4; lastKnownFileType = text.css; path = "atelier-sulphurpool-dark.min.css"; sourceTree = "<group>"; };
		801509AC2523EB1600E9A419 /* tomorrow-night-blue.min.css */ = {isa = PBXFileReference; fileEncoding = 4; lastKnownFileType = text.css; path = "tomorrow-night-blue.min.css"; sourceTree = "<group>"; };
		801509AD2523EB1600E9A419 /* vs2015.min.css */ = {isa = PBXFileReference; fileEncoding = 4; lastKnownFileType = text.css; path = vs2015.min.css; sourceTree = "<group>"; };
		801509AE2523EB1600E9A419 /* atelier-heath-dark.min.css */ = {isa = PBXFileReference; fileEncoding = 4; lastKnownFileType = text.css; path = "atelier-heath-dark.min.css"; sourceTree = "<group>"; };
		801509AF2523EB1600E9A419 /* paraiso-light.min.css */ = {isa = PBXFileReference; fileEncoding = 4; lastKnownFileType = text.css; path = "paraiso-light.min.css"; sourceTree = "<group>"; };
		801509B02523EB1600E9A419 /* rainbow.min.css */ = {isa = PBXFileReference; fileEncoding = 4; lastKnownFileType = text.css; path = rainbow.min.css; sourceTree = "<group>"; };
		801509B12523EB1600E9A419 /* qtcreator_light.min.css */ = {isa = PBXFileReference; fileEncoding = 4; lastKnownFileType = text.css; path = qtcreator_light.min.css; sourceTree = "<group>"; };
		801509B22523EB1600E9A419 /* a11y-light.min.css */ = {isa = PBXFileReference; fileEncoding = 4; lastKnownFileType = text.css; path = "a11y-light.min.css"; sourceTree = "<group>"; };
		801509B32523EB1600E9A419 /* kimbie.dark.min.css */ = {isa = PBXFileReference; fileEncoding = 4; lastKnownFileType = text.css; path = kimbie.dark.min.css; sourceTree = "<group>"; };
		801509B42523EB1600E9A419 /* atelier-heath-light.min.css */ = {isa = PBXFileReference; fileEncoding = 4; lastKnownFileType = text.css; path = "atelier-heath-light.min.css"; sourceTree = "<group>"; };
		801509B52523EB1600E9A419 /* far.min.css */ = {isa = PBXFileReference; fileEncoding = 4; lastKnownFileType = text.css; path = far.min.css; sourceTree = "<group>"; };
		801509B62523EB1600E9A419 /* atelier-dune-dark.min.css */ = {isa = PBXFileReference; fileEncoding = 4; lastKnownFileType = text.css; path = "atelier-dune-dark.min.css"; sourceTree = "<group>"; };
		801509B72523EB1600E9A419 /* shades-of-purple.min.css */ = {isa = PBXFileReference; fileEncoding = 4; lastKnownFileType = text.css; path = "shades-of-purple.min.css"; sourceTree = "<group>"; };
		801509B82523EB1600E9A419 /* kimbie.light.min.css */ = {isa = PBXFileReference; fileEncoding = 4; lastKnownFileType = text.css; path = kimbie.light.min.css; sourceTree = "<group>"; };
		801509B92523EB1600E9A419 /* railscasts.min.css */ = {isa = PBXFileReference; fileEncoding = 4; lastKnownFileType = text.css; path = railscasts.min.css; sourceTree = "<group>"; };
		801509BA2523EB1600E9A419 /* solarized-dark.min.css */ = {isa = PBXFileReference; fileEncoding = 4; lastKnownFileType = text.css; path = "solarized-dark.min.css"; sourceTree = "<group>"; };
		801509BB2523EB1600E9A419 /* atelier-estuary-light.min.css */ = {isa = PBXFileReference; fileEncoding = 4; lastKnownFileType = text.css; path = "atelier-estuary-light.min.css"; sourceTree = "<group>"; };
		801509BC2523EB1600E9A419 /* xt256.min.css */ = {isa = PBXFileReference; fileEncoding = 4; lastKnownFileType = text.css; path = xt256.min.css; sourceTree = "<group>"; };
		801509BD2523EB1600E9A419 /* mono-blue.min.css */ = {isa = PBXFileReference; fileEncoding = 4; lastKnownFileType = text.css; path = "mono-blue.min.css"; sourceTree = "<group>"; };
		801509BE2523EB1600E9A419 /* ocean.min.css */ = {isa = PBXFileReference; fileEncoding = 4; lastKnownFileType = text.css; path = ocean.min.css; sourceTree = "<group>"; };
		801509BF2523EB1600E9A419 /* github-gist.min.css */ = {isa = PBXFileReference; fileEncoding = 4; lastKnownFileType = text.css; path = "github-gist.min.css"; sourceTree = "<group>"; };
		801509C02523EB1600E9A419 /* atelier-seaside-light.min.css */ = {isa = PBXFileReference; fileEncoding = 4; lastKnownFileType = text.css; path = "atelier-seaside-light.min.css"; sourceTree = "<group>"; };
		801509C12523EB1600E9A419 /* tomorrow-night-eighties.min.css */ = {isa = PBXFileReference; fileEncoding = 4; lastKnownFileType = text.css; path = "tomorrow-night-eighties.min.css"; sourceTree = "<group>"; };
		801509C22523EB1600E9A419 /* atom-one-dark.min.css */ = {isa = PBXFileReference; fileEncoding = 4; lastKnownFileType = text.css; path = "atom-one-dark.min.css"; sourceTree = "<group>"; };
		801509C32523EB1600E9A419 /* qtcreator_dark.min.css */ = {isa = PBXFileReference; fileEncoding = 4; lastKnownFileType = text.css; path = qtcreator_dark.min.css; sourceTree = "<group>"; };
		801509C42523EB1600E9A419 /* atelier-savanna-dark.min.css */ = {isa = PBXFileReference; fileEncoding = 4; lastKnownFileType = text.css; path = "atelier-savanna-dark.min.css"; sourceTree = "<group>"; };
		801509C52523EB1600E9A419 /* color-brewer.min.css */ = {isa = PBXFileReference; fileEncoding = 4; lastKnownFileType = text.css; path = "color-brewer.min.css"; sourceTree = "<group>"; };
		801509C62523EB1600E9A419 /* pojoaque.min.css */ = {isa = PBXFileReference; fileEncoding = 4; lastKnownFileType = text.css; path = pojoaque.min.css; sourceTree = "<group>"; };
		801509C72523EB1600E9A419 /* routeros.min.css */ = {isa = PBXFileReference; fileEncoding = 4; lastKnownFileType = text.css; path = routeros.min.css; sourceTree = "<group>"; };
		801509C82523EB1600E9A419 /* atelier-forest-dark.min.css */ = {isa = PBXFileReference; fileEncoding = 4; lastKnownFileType = text.css; path = "atelier-forest-dark.min.css"; sourceTree = "<group>"; };
		801509C92523EB1600E9A419 /* gml.min.css */ = {isa = PBXFileReference; fileEncoding = 4; lastKnownFileType = text.css; path = gml.min.css; sourceTree = "<group>"; };
		801509CA2523EB1600E9A419 /* tomorrow-night.min.css */ = {isa = PBXFileReference; fileEncoding = 4; lastKnownFileType = text.css; path = "tomorrow-night.min.css"; sourceTree = "<group>"; };
		801509CB2523EB1600E9A419 /* obsidian.min.css */ = {isa = PBXFileReference; fileEncoding = 4; lastKnownFileType = text.css; path = obsidian.min.css; sourceTree = "<group>"; };
		801509CC2523EB1600E9A419 /* lightfair.min.css */ = {isa = PBXFileReference; fileEncoding = 4; lastKnownFileType = text.css; path = lightfair.min.css; sourceTree = "<group>"; };
		801509CD2523EB1600E9A419 /* atelier-lakeside-dark.min.css */ = {isa = PBXFileReference; fileEncoding = 4; lastKnownFileType = text.css; path = "atelier-lakeside-dark.min.css"; sourceTree = "<group>"; };
		801509CE2523EB1600E9A419 /* gruvbox-light.min.css */ = {isa = PBXFileReference; fileEncoding = 4; lastKnownFileType = text.css; path = "gruvbox-light.min.css"; sourceTree = "<group>"; };
		801509CF2523EB1600E9A419 /* idea.min.css */ = {isa = PBXFileReference; fileEncoding = 4; lastKnownFileType = text.css; path = idea.min.css; sourceTree = "<group>"; };
		801509D02523EB1600E9A419 /* tomorrow.min.css */ = {isa = PBXFileReference; fileEncoding = 4; lastKnownFileType = text.css; path = tomorrow.min.css; sourceTree = "<group>"; };
		801509D12523EB1600E9A419 /* atelier-forest-light.min.css */ = {isa = PBXFileReference; fileEncoding = 4; lastKnownFileType = text.css; path = "atelier-forest-light.min.css"; sourceTree = "<group>"; };
		801509D22523EB1600E9A419 /* arduino-light.min.css */ = {isa = PBXFileReference; fileEncoding = 4; lastKnownFileType = text.css; path = "arduino-light.min.css"; sourceTree = "<group>"; };
		801509D32523EB1600E9A419 /* gruvbox-dark.min.css */ = {isa = PBXFileReference; fileEncoding = 4; lastKnownFileType = text.css; path = "gruvbox-dark.min.css"; sourceTree = "<group>"; };
		801509D42523EB1600E9A419 /* dracula.min.css */ = {isa = PBXFileReference; fileEncoding = 4; lastKnownFileType = text.css; path = dracula.min.css; sourceTree = "<group>"; };
		801509D52523EB1600E9A419 /* magula.min.css */ = {isa = PBXFileReference; fileEncoding = 4; lastKnownFileType = text.css; path = magula.min.css; sourceTree = "<group>"; };
		801509D62523EB1600E9A419 /* arta.min.css */ = {isa = PBXFileReference; fileEncoding = 4; lastKnownFileType = text.css; path = arta.min.css; sourceTree = "<group>"; };
		801509D72523EB1600E9A419 /* purebasic.min.css */ = {isa = PBXFileReference; fileEncoding = 4; lastKnownFileType = text.css; path = purebasic.min.css; sourceTree = "<group>"; };
		801509D82523EB1600E9A419 /* hopscotch.min.css */ = {isa = PBXFileReference; fileEncoding = 4; lastKnownFileType = text.css; path = hopscotch.min.css; sourceTree = "<group>"; };
		801509D92523EB1600E9A419 /* github.min.css */ = {isa = PBXFileReference; fileEncoding = 4; lastKnownFileType = text.css; path = github.min.css; sourceTree = "<group>"; };
		801509DA2523EB1600E9A419 /* nord.min.css */ = {isa = PBXFileReference; fileEncoding = 4; lastKnownFileType = text.css; path = nord.min.css; sourceTree = "<group>"; };
		801509DB2523EB1600E9A419 /* dark.min.css */ = {isa = PBXFileReference; fileEncoding = 4; lastKnownFileType = text.css; path = dark.min.css; sourceTree = "<group>"; };
		801509DC2523EB1600E9A419 /* atom-one-light.min.css */ = {isa = PBXFileReference; fileEncoding = 4; lastKnownFileType = text.css; path = "atom-one-light.min.css"; sourceTree = "<group>"; };
		801509DD2523EB1600E9A419 /* monokai.min.css */ = {isa = PBXFileReference; fileEncoding = 4; lastKnownFileType = text.css; path = monokai.min.css; sourceTree = "<group>"; };
		801509DE2523EB1600E9A419 /* docco.min.css */ = {isa = PBXFileReference; fileEncoding = 4; lastKnownFileType = text.css; path = docco.min.css; sourceTree = "<group>"; };
		801509DF2523EB1600E9A419 /* default.min.css */ = {isa = PBXFileReference; fileEncoding = 4; lastKnownFileType = text.css; path = default.min.css; sourceTree = "<group>"; };
		801509E02523EB1600E9A419 /* ascetic.min.css */ = {isa = PBXFileReference; fileEncoding = 4; lastKnownFileType = text.css; path = ascetic.min.css; sourceTree = "<group>"; };
		801509E12523EB1600E9A419 /* isbl-editor-light.min.css */ = {isa = PBXFileReference; fileEncoding = 4; lastKnownFileType = text.css; path = "isbl-editor-light.min.css"; sourceTree = "<group>"; };
		801509E22523EB1600E9A419 /* atelier-cave-light.min.css */ = {isa = PBXFileReference; fileEncoding = 4; lastKnownFileType = text.css; path = "atelier-cave-light.min.css"; sourceTree = "<group>"; };
		801509E32523EB1600E9A419 /* a11y-dark.min.css */ = {isa = PBXFileReference; fileEncoding = 4; lastKnownFileType = text.css; path = "a11y-dark.min.css"; sourceTree = "<group>"; };
		801509E42523EB1600E9A419 /* atelier-sulphurpool-light.min.css */ = {isa = PBXFileReference; fileEncoding = 4; lastKnownFileType = text.css; path = "atelier-sulphurpool-light.min.css"; sourceTree = "<group>"; };
		801509E52523EB1600E9A419 /* atelier-plateau-dark.min.css */ = {isa = PBXFileReference; fileEncoding = 4; lastKnownFileType = text.css; path = "atelier-plateau-dark.min.css"; sourceTree = "<group>"; };
		801509E62523EB1600E9A419 /* darkula.min.css */ = {isa = PBXFileReference; fileEncoding = 4; lastKnownFileType = text.css; path = darkula.min.css; sourceTree = "<group>"; };
		801509E72523EB1600E9A419 /* atelier-cave-dark.min.css */ = {isa = PBXFileReference; fileEncoding = 4; lastKnownFileType = text.css; path = "atelier-cave-dark.min.css"; sourceTree = "<group>"; };
		801509E82523EB1600E9A419 /* ir-black.min.css */ = {isa = PBXFileReference; fileEncoding = 4; lastKnownFileType = text.css; path = "ir-black.min.css"; sourceTree = "<group>"; };
		801509E92523EB1600E9A419 /* solarized-light.min.css */ = {isa = PBXFileReference; fileEncoding = 4; lastKnownFileType = text.css; path = "solarized-light.min.css"; sourceTree = "<group>"; };
		801509EA2523EB1600E9A419 /* tomorrow-night-bright.min.css */ = {isa = PBXFileReference; fileEncoding = 4; lastKnownFileType = text.css; path = "tomorrow-night-bright.min.css"; sourceTree = "<group>"; };
		801509EB2523EB1600E9A419 /* atelier-savanna-light.min.css */ = {isa = PBXFileReference; fileEncoding = 4; lastKnownFileType = text.css; path = "atelier-savanna-light.min.css"; sourceTree = "<group>"; };
		801509EC2523EB1600E9A419 /* foundation.min.css */ = {isa = PBXFileReference; fileEncoding = 4; lastKnownFileType = text.css; path = foundation.min.css; sourceTree = "<group>"; };
		801509ED2523EB1600E9A419 /* codepen-embed.min.css */ = {isa = PBXFileReference; fileEncoding = 4; lastKnownFileType = text.css; path = "codepen-embed.min.css"; sourceTree = "<group>"; };
		801509EE2523EB1600E9A419 /* atelier-estuary-dark.min.css */ = {isa = PBXFileReference; fileEncoding = 4; lastKnownFileType = text.css; path = "atelier-estuary-dark.min.css"; sourceTree = "<group>"; };
		801509EF2523EB1600E9A419 /* googlecode.min.css */ = {isa = PBXFileReference; fileEncoding = 4; lastKnownFileType = text.css; path = googlecode.min.css; sourceTree = "<group>"; };
		801509F02523EB1700E9A419 /* atom-one-dark-reasonable.min.css */ = {isa = PBXFileReference; fileEncoding = 4; lastKnownFileType = text.css; path = "atom-one-dark-reasonable.min.css"; sourceTree = "<group>"; };
		801509F12523EB1700E9A419 /* atelier-dune-light.min.css */ = {isa = PBXFileReference; fileEncoding = 4; lastKnownFileType = text.css; path = "atelier-dune-light.min.css"; sourceTree = "<group>"; };
		801509F22523EB1700E9A419 /* paraiso-dark.min.css */ = {isa = PBXFileReference; fileEncoding = 4; lastKnownFileType = text.css; path = "paraiso-dark.min.css"; sourceTree = "<group>"; };
		801509F32523EB1700E9A419 /* zenburn.min.css */ = {isa = PBXFileReference; fileEncoding = 4; lastKnownFileType = text.css; path = zenburn.min.css; sourceTree = "<group>"; };
		801509F42523EB1700E9A419 /* androidstudio.min.css */ = {isa = PBXFileReference; fileEncoding = 4; lastKnownFileType = text.css; path = androidstudio.min.css; sourceTree = "<group>"; };
		801509F52523EB1700E9A419 /* grayscale.min.css */ = {isa = PBXFileReference; fileEncoding = 4; lastKnownFileType = text.css; path = grayscale.min.css; sourceTree = "<group>"; };
		801509F62523EB1700E9A419 /* sunburst.min.css */ = {isa = PBXFileReference; fileEncoding = 4; lastKnownFileType = text.css; path = sunburst.min.css; sourceTree = "<group>"; };
		801509F72523EB1700E9A419 /* agate.min.css */ = {isa = PBXFileReference; fileEncoding = 4; lastKnownFileType = text.css; path = agate.min.css; sourceTree = "<group>"; };
		801509F82523EB1700E9A419 /* hybrid.min.css */ = {isa = PBXFileReference; fileEncoding = 4; lastKnownFileType = text.css; path = hybrid.min.css; sourceTree = "<group>"; };
		801509F92523EB1700E9A419 /* darcula.min.css */ = {isa = PBXFileReference; fileEncoding = 4; lastKnownFileType = text.css; path = darcula.min.css; sourceTree = "<group>"; };
		801509FA2523EB1700E9A419 /* atelier-lakeside-light.min.css */ = {isa = PBXFileReference; fileEncoding = 4; lastKnownFileType = text.css; path = "atelier-lakeside-light.min.css"; sourceTree = "<group>"; };
		801509FB2523EB1700E9A419 /* monokai-sublime.min.css */ = {isa = PBXFileReference; fileEncoding = 4; lastKnownFileType = text.css; path = "monokai-sublime.min.css"; sourceTree = "<group>"; };
		801509FC2523EB1700E9A419 /* an-old-hope.min.css */ = {isa = PBXFileReference; fileEncoding = 4; lastKnownFileType = text.css; path = "an-old-hope.min.css"; sourceTree = "<group>"; };
		801509FE2523EB1700E9A419 /* highlight.min.js */ = {isa = PBXFileReference; fileEncoding = 4; lastKnownFileType = sourcecode.javascript; path = highlight.min.js; sourceTree = "<group>"; };
		8020256A250AA666009A4BAB /* NSAttributedString.swift */ = {isa = PBXFileReference; lastKnownFileType = sourcecode.swift; path = NSAttributedString.swift; sourceTree = "<group>"; };
		8020256C250AA7F7009A4BAB /* NSString_RangesSpec.swift */ = {isa = PBXFileReference; lastKnownFileType = sourcecode.swift; path = NSString_RangesSpec.swift; sourceTree = "<group>"; };
		8028414A24C61BAC00340D23 /* SelectableLabel.swift */ = {isa = PBXFileReference; lastKnownFileType = sourcecode.swift; path = SelectableLabel.swift; sourceTree = "<group>"; };
		8047F9BB252BB4E70088EB54 /* TextViewerViewModel.swift */ = {isa = PBXFileReference; lastKnownFileType = sourcecode.swift; path = TextViewerViewModel.swift; sourceTree = "<group>"; };
		8047F9BF252BB54D0088EB54 /* Observable.swift */ = {isa = PBXFileReference; lastKnownFileType = sourcecode.swift; path = Observable.swift; sourceTree = "<group>"; };
		806E1AAC2427948D005D7E24 /* HTTPProxy.app */ = {isa = PBXFileReference; explicitFileType = wrapper.application; includeInIndex = 0; path = HTTPProxy.app; sourceTree = BUILT_PRODUCTS_DIR; };
		806E1AAF2427948D005D7E24 /* AppDelegate.swift */ = {isa = PBXFileReference; lastKnownFileType = sourcecode.swift; path = AppDelegate.swift; sourceTree = "<group>"; };
		806E1AB12427948D005D7E24 /* ViewController.swift */ = {isa = PBXFileReference; lastKnownFileType = sourcecode.swift; path = ViewController.swift; sourceTree = "<group>"; };
		806E1AB42427948D005D7E24 /* Base */ = {isa = PBXFileReference; lastKnownFileType = file.storyboard; name = Base; path = Base.lproj/Main.storyboard; sourceTree = "<group>"; };
		806E1AB62427948F005D7E24 /* Assets.xcassets */ = {isa = PBXFileReference; lastKnownFileType = folder.assetcatalog; path = Assets.xcassets; sourceTree = "<group>"; };
		806E1AB92427948F005D7E24 /* Base */ = {isa = PBXFileReference; lastKnownFileType = file.storyboard; name = Base; path = Base.lproj/LaunchScreen.storyboard; sourceTree = "<group>"; };
		806E1ABB2427948F005D7E24 /* Info.plist */ = {isa = PBXFileReference; lastKnownFileType = text.plist.xml; path = Info.plist; sourceTree = "<group>"; };
		806E1AC02427948F005D7E24 /* HTTPProxyTests.xctest */ = {isa = PBXFileReference; explicitFileType = wrapper.cfbundle; includeInIndex = 0; path = HTTPProxyTests.xctest; sourceTree = BUILT_PRODUCTS_DIR; };
		806E1AC42427948F005D7E24 /* HTTPProxyTests.swift */ = {isa = PBXFileReference; lastKnownFileType = sourcecode.swift; path = HTTPProxyTests.swift; sourceTree = "<group>"; };
		806E1AC62427948F005D7E24 /* Info.plist */ = {isa = PBXFileReference; lastKnownFileType = text.plist.xml; path = Info.plist; sourceTree = "<group>"; };
		806E1ACB2427948F005D7E24 /* HTTPProxyUITests.xctest */ = {isa = PBXFileReference; explicitFileType = wrapper.cfbundle; includeInIndex = 0; path = HTTPProxyUITests.xctest; sourceTree = BUILT_PRODUCTS_DIR; };
		806E1ACF2427948F005D7E24 /* HTTPProxyUITests.swift */ = {isa = PBXFileReference; lastKnownFileType = sourcecode.swift; path = HTTPProxyUITests.swift; sourceTree = "<group>"; };
		806E1AD12427948F005D7E24 /* Info.plist */ = {isa = PBXFileReference; lastKnownFileType = text.plist.xml; path = Info.plist; sourceTree = "<group>"; };
		809F5D122440717C00E27F17 /* ColorScheme.swift */ = {isa = PBXFileReference; lastKnownFileType = sourcecode.swift; path = ColorScheme.swift; sourceTree = "<group>"; };
		80BF81F8243F5B60001D54ED /* HeadersListController.swift */ = {isa = PBXFileReference; lastKnownFileType = sourcecode.swift; path = HeadersListController.swift; sourceTree = "<group>"; };
		80C632F5248BB0DA00B36353 /* EditFilterViewController.swift */ = {isa = PBXFileReference; lastKnownFileType = sourcecode.swift; path = EditFilterViewController.swift; sourceTree = "<group>"; };
		80C632F9248D09CF00B36353 /* EditFilterViewController.storyboard */ = {isa = PBXFileReference; lastKnownFileType = file.storyboard; path = EditFilterViewController.storyboard; sourceTree = "<group>"; };
		80CF4B13248A9E4A00756F51 /* RequestListFilterSpec.swift */ = {isa = PBXFileReference; lastKnownFileType = sourcecode.swift; path = RequestListFilterSpec.swift; sourceTree = "<group>"; };
		80D4917824852890007325AF /* RequestFilterViewController.swift */ = {isa = PBXFileReference; lastKnownFileType = sourcecode.swift; path = RequestFilterViewController.swift; sourceTree = "<group>"; };
		80D7D9D8244473CD00D115C1 /* HTTPProxyUI.swift */ = {isa = PBXFileReference; lastKnownFileType = sourcecode.swift; path = HTTPProxyUI.swift; sourceTree = "<group>"; };
		80EF1E5B242798140016D0A2 /* Data.swift */ = {isa = PBXFileReference; fileEncoding = 4; lastKnownFileType = sourcecode.swift; path = Data.swift; sourceTree = "<group>"; };
		80EF1E5C242798140016D0A2 /* UIColor.swift */ = {isa = PBXFileReference; fileEncoding = 4; lastKnownFileType = sourcecode.swift; path = UIColor.swift; sourceTree = "<group>"; };
		80EF1E5F242798140016D0A2 /* String.swift */ = {isa = PBXFileReference; fileEncoding = 4; lastKnownFileType = sourcecode.swift; path = String.swift; sourceTree = "<group>"; };
		80EF1E60242798140016D0A2 /* UIFont.swift */ = {isa = PBXFileReference; fileEncoding = 4; lastKnownFileType = sourcecode.swift; path = UIFont.swift; sourceTree = "<group>"; };
		80EF1E61242798140016D0A2 /* UIWindow+ShakeGesture.swift */ = {isa = PBXFileReference; fileEncoding = 4; lastKnownFileType = sourcecode.swift; path = "UIWindow+ShakeGesture.swift"; sourceTree = "<group>"; };
		80EF1E65242798140016D0A2 /* TextViewerViewController.xib */ = {isa = PBXFileReference; fileEncoding = 4; lastKnownFileType = file.xib; path = TextViewerViewController.xib; sourceTree = "<group>"; };
		80EF1E66242798140016D0A2 /* TextViewerViewController.swift */ = {isa = PBXFileReference; fileEncoding = 4; lastKnownFileType = sourcecode.swift; path = TextViewerViewController.swift; sourceTree = "<group>"; };
		80EF1E6A242798140016D0A2 /* SearchableListViewController.swift */ = {isa = PBXFileReference; fileEncoding = 4; lastKnownFileType = sourcecode.swift; path = SearchableListViewController.swift; sourceTree = "<group>"; };
		80EF1E6B242798140016D0A2 /* RequestDetailsPresenter.swift */ = {isa = PBXFileReference; fileEncoding = 4; lastKnownFileType = sourcecode.swift; path = RequestDetailsPresenter.swift; sourceTree = "<group>"; };
		80EF1E6C242798140016D0A2 /* SearchableListViewController.xib */ = {isa = PBXFileReference; fileEncoding = 4; lastKnownFileType = file.xib; path = SearchableListViewController.xib; sourceTree = "<group>"; };
		80EF1E72242798140016D0A2 /* RequestDetailsViewController.xib */ = {isa = PBXFileReference; fileEncoding = 4; lastKnownFileType = file.xib; path = RequestDetailsViewController.xib; sourceTree = "<group>"; };
		80EF1E74242798140016D0A2 /* RequestDetailsViewController.swift */ = {isa = PBXFileReference; fileEncoding = 4; lastKnownFileType = sourcecode.swift; path = RequestDetailsViewController.swift; sourceTree = "<group>"; };
		80EF1E76242798140016D0A2 /* RequestsListCell.xib */ = {isa = PBXFileReference; fileEncoding = 4; lastKnownFileType = file.xib; path = RequestsListCell.xib; sourceTree = "<group>"; };
		80EF1E77242798140016D0A2 /* RequestViewModel.swift */ = {isa = PBXFileReference; fileEncoding = 4; lastKnownFileType = sourcecode.swift; path = RequestViewModel.swift; sourceTree = "<group>"; };
		80EF1E79242798140016D0A2 /* RequestsListViewController.swift */ = {isa = PBXFileReference; fileEncoding = 4; lastKnownFileType = sourcecode.swift; path = RequestsListViewController.swift; sourceTree = "<group>"; };
		80EF1E7A242798140016D0A2 /* RequestsListCell.swift */ = {isa = PBXFileReference; fileEncoding = 4; lastKnownFileType = sourcecode.swift; path = RequestsListCell.swift; sourceTree = "<group>"; };
		80EF1E7B242798140016D0A2 /* RequestsListPresenter.swift */ = {isa = PBXFileReference; fileEncoding = 4; lastKnownFileType = sourcecode.swift; path = RequestsListPresenter.swift; sourceTree = "<group>"; };
		80EF1E7C242798140016D0A2 /* HTTPProxyPresenter.swift */ = {isa = PBXFileReference; fileEncoding = 4; lastKnownFileType = sourcecode.swift; path = HTTPProxyPresenter.swift; sourceTree = "<group>"; };
		80EF1E7F242798140016D0A2 /* HTTPProxyDelegate.swift */ = {isa = PBXFileReference; fileEncoding = 4; lastKnownFileType = sourcecode.swift; path = HTTPProxyDelegate.swift; sourceTree = "<group>"; };
		80EF1E80242798140016D0A2 /* HTTPProxyRequestInterceptor.swift */ = {isa = PBXFileReference; fileEncoding = 4; lastKnownFileType = sourcecode.swift; path = HTTPProxyRequestInterceptor.swift; sourceTree = "<group>"; };
		80EF1E81242798140016D0A2 /* HTTPProxyRequestInterceptorDelegate.swift */ = {isa = PBXFileReference; fileEncoding = 4; lastKnownFileType = sourcecode.swift; path = HTTPProxyRequestInterceptorDelegate.swift; sourceTree = "<group>"; };
		80EF1E83242798140016D0A2 /* HTTPRequest.swift */ = {isa = PBXFileReference; fileEncoding = 4; lastKnownFileType = sourcecode.swift; path = HTTPRequest.swift; sourceTree = "<group>"; };
		80EF1E84242798140016D0A2 /* HTTPResponse.swift */ = {isa = PBXFileReference; fileEncoding = 4; lastKnownFileType = sourcecode.swift; path = HTTPResponse.swift; sourceTree = "<group>"; };
		80EF1E85242798140016D0A2 /* HTTPProxy.swift */ = {isa = PBXFileReference; fileEncoding = 4; lastKnownFileType = sourcecode.swift; path = HTTPProxy.swift; sourceTree = "<group>"; };
		80EF1E86242798140016D0A2 /* HTTPProxyURLProtocol.swift */ = {isa = PBXFileReference; fileEncoding = 4; lastKnownFileType = sourcecode.swift; path = HTTPProxyURLProtocol.swift; sourceTree = "<group>"; };
		96BDDF51D4D6273C7A21265A /* Pods_HTTPProxy.framework */ = {isa = PBXFileReference; explicitFileType = wrapper.framework; includeInIndex = 0; path = Pods_HTTPProxy.framework; sourceTree = BUILT_PRODUCTS_DIR; };
		98CDF010F7161FE2F8F3E283 /* Pods-HTTPProxy.release.xcconfig */ = {isa = PBXFileReference; includeInIndex = 1; lastKnownFileType = text.xcconfig; name = "Pods-HTTPProxy.release.xcconfig"; path = "Target Support Files/Pods-HTTPProxy/Pods-HTTPProxy.release.xcconfig"; sourceTree = "<group>"; };
		AD4B71626F3153989FD62A50 /* Pods-HTTPProxyTests.debug.xcconfig */ = {isa = PBXFileReference; includeInIndex = 1; lastKnownFileType = text.xcconfig; name = "Pods-HTTPProxyTests.debug.xcconfig"; path = "Target Support Files/Pods-HTTPProxyTests/Pods-HTTPProxyTests.debug.xcconfig"; sourceTree = "<group>"; };
/* End PBXFileReference section */

/* Begin PBXFrameworksBuildPhase section */
		806E1AA92427948D005D7E24 /* Frameworks */ = {
			isa = PBXFrameworksBuildPhase;
			buildActionMask = 2147483647;
			files = (
				4A11857101FC0986E6428235 /* Pods_HTTPProxy.framework in Frameworks */,
			);
			runOnlyForDeploymentPostprocessing = 0;
		};
		806E1ABD2427948F005D7E24 /* Frameworks */ = {
			isa = PBXFrameworksBuildPhase;
			buildActionMask = 2147483647;
			files = (
				F9911ECD06944A91D380F964 /* Pods_HTTPProxyTests.framework in Frameworks */,
			);
			runOnlyForDeploymentPostprocessing = 0;
		};
		806E1AC82427948F005D7E24 /* Frameworks */ = {
			isa = PBXFrameworksBuildPhase;
			buildActionMask = 2147483647;
			files = (
			);
			runOnlyForDeploymentPostprocessing = 0;
		};
/* End PBXFrameworksBuildPhase section */

/* Begin PBXGroup section */
		13CEE0F8E923E0158808D3B3 /* Pods */ = {
			isa = PBXGroup;
			children = (
				25BF2623F2C00FBC01321027 /* Pods-HTTPProxy.debug.xcconfig */,
				98CDF010F7161FE2F8F3E283 /* Pods-HTTPProxy.release.xcconfig */,
				AD4B71626F3153989FD62A50 /* Pods-HTTPProxyTests.debug.xcconfig */,
				798A58489DB5225C5513C8EE /* Pods-HTTPProxyTests.release.xcconfig */,
			);
			path = Pods;
			sourceTree = "<group>";
		};
		8015099A2523EB1600E9A419 /* Highlightr */ = {
			isa = PBXGroup;
			children = (
				8015099B2523EB1600E9A419 /* LICENSE */,
				8015099C2523EB1600E9A419 /* Classes */,
				801509A22523EB1600E9A419 /* Assets */,
			);
			path = Highlightr;
			sourceTree = "<group>";
		};
		8015099C2523EB1600E9A419 /* Classes */ = {
			isa = PBXGroup;
			children = (
				8015099D2523EB1600E9A419 /* CodeAttributedString.swift */,
				8015099E2523EB1600E9A419 /* Highlightr.swift */,
				8015099F2523EB1600E9A419 /* HTMLUtils.swift */,
				801509A02523EB1600E9A419 /* Theme.swift */,
				801509A12523EB1600E9A419 /* Shims.swift */,
			);
			path = Classes;
			sourceTree = "<group>";
		};
		801509A22523EB1600E9A419 /* Assets */ = {
			isa = PBXGroup;
			children = (
				801509A32523EB1600E9A419 /* styles */,
				801509FD2523EB1700E9A419 /* Highlighter */,
			);
			path = Assets;
			sourceTree = "<group>";
		};
		801509A32523EB1600E9A419 /* styles */ = {
			isa = PBXGroup;
			children = (
				801509A42523EB1600E9A419 /* vs.min.css */,
				801509A52523EB1600E9A419 /* atelier-seaside-dark.min.css */,
				801509A62523EB1600E9A419 /* isbl-editor-dark.min.css */,
				801509A72523EB1600E9A419 /* brown-paper.min.css */,
				801509A82523EB1600E9A419 /* atelier-plateau-light.min.css */,
				801509A92523EB1600E9A419 /* school-book.min.css */,
				801509AA2523EB1600E9A419 /* xcode.min.css */,
				801509AB2523EB1600E9A419 /* atelier-sulphurpool-dark.min.css */,
				801509AC2523EB1600E9A419 /* tomorrow-night-blue.min.css */,
				801509AD2523EB1600E9A419 /* vs2015.min.css */,
				801509AE2523EB1600E9A419 /* atelier-heath-dark.min.css */,
				801509AF2523EB1600E9A419 /* paraiso-light.min.css */,
				801509B02523EB1600E9A419 /* rainbow.min.css */,
				801509B12523EB1600E9A419 /* qtcreator_light.min.css */,
				801509B22523EB1600E9A419 /* a11y-light.min.css */,
				801509B32523EB1600E9A419 /* kimbie.dark.min.css */,
				801509B42523EB1600E9A419 /* atelier-heath-light.min.css */,
				801509B52523EB1600E9A419 /* far.min.css */,
				801509B62523EB1600E9A419 /* atelier-dune-dark.min.css */,
				801509B72523EB1600E9A419 /* shades-of-purple.min.css */,
				801509B82523EB1600E9A419 /* kimbie.light.min.css */,
				801509B92523EB1600E9A419 /* railscasts.min.css */,
				801509BA2523EB1600E9A419 /* solarized-dark.min.css */,
				801509BB2523EB1600E9A419 /* atelier-estuary-light.min.css */,
				801509BC2523EB1600E9A419 /* xt256.min.css */,
				801509BD2523EB1600E9A419 /* mono-blue.min.css */,
				801509BE2523EB1600E9A419 /* ocean.min.css */,
				801509BF2523EB1600E9A419 /* github-gist.min.css */,
				801509C02523EB1600E9A419 /* atelier-seaside-light.min.css */,
				801509C12523EB1600E9A419 /* tomorrow-night-eighties.min.css */,
				801509C22523EB1600E9A419 /* atom-one-dark.min.css */,
				801509C32523EB1600E9A419 /* qtcreator_dark.min.css */,
				801509C42523EB1600E9A419 /* atelier-savanna-dark.min.css */,
				801509C52523EB1600E9A419 /* color-brewer.min.css */,
				801509C62523EB1600E9A419 /* pojoaque.min.css */,
				801509C72523EB1600E9A419 /* routeros.min.css */,
				801509C82523EB1600E9A419 /* atelier-forest-dark.min.css */,
				801509C92523EB1600E9A419 /* gml.min.css */,
				801509CA2523EB1600E9A419 /* tomorrow-night.min.css */,
				801509CB2523EB1600E9A419 /* obsidian.min.css */,
				801509CC2523EB1600E9A419 /* lightfair.min.css */,
				801509CD2523EB1600E9A419 /* atelier-lakeside-dark.min.css */,
				801509CE2523EB1600E9A419 /* gruvbox-light.min.css */,
				801509CF2523EB1600E9A419 /* idea.min.css */,
				801509D02523EB1600E9A419 /* tomorrow.min.css */,
				801509D12523EB1600E9A419 /* atelier-forest-light.min.css */,
				801509D22523EB1600E9A419 /* arduino-light.min.css */,
				801509D32523EB1600E9A419 /* gruvbox-dark.min.css */,
				801509D42523EB1600E9A419 /* dracula.min.css */,
				801509D52523EB1600E9A419 /* magula.min.css */,
				801509D62523EB1600E9A419 /* arta.min.css */,
				801509D72523EB1600E9A419 /* purebasic.min.css */,
				801509D82523EB1600E9A419 /* hopscotch.min.css */,
				801509D92523EB1600E9A419 /* github.min.css */,
				801509DA2523EB1600E9A419 /* nord.min.css */,
				801509DB2523EB1600E9A419 /* dark.min.css */,
				801509DC2523EB1600E9A419 /* atom-one-light.min.css */,
				801509DD2523EB1600E9A419 /* monokai.min.css */,
				801509DE2523EB1600E9A419 /* docco.min.css */,
				801509DF2523EB1600E9A419 /* default.min.css */,
				801509E02523EB1600E9A419 /* ascetic.min.css */,
				801509E12523EB1600E9A419 /* isbl-editor-light.min.css */,
				801509E22523EB1600E9A419 /* atelier-cave-light.min.css */,
				801509E32523EB1600E9A419 /* a11y-dark.min.css */,
				801509E42523EB1600E9A419 /* atelier-sulphurpool-light.min.css */,
				801509E52523EB1600E9A419 /* atelier-plateau-dark.min.css */,
				801509E62523EB1600E9A419 /* darkula.min.css */,
				801509E72523EB1600E9A419 /* atelier-cave-dark.min.css */,
				801509E82523EB1600E9A419 /* ir-black.min.css */,
				801509E92523EB1600E9A419 /* solarized-light.min.css */,
				801509EA2523EB1600E9A419 /* tomorrow-night-bright.min.css */,
				801509EB2523EB1600E9A419 /* atelier-savanna-light.min.css */,
				801509EC2523EB1600E9A419 /* foundation.min.css */,
				801509ED2523EB1600E9A419 /* codepen-embed.min.css */,
				801509EE2523EB1600E9A419 /* atelier-estuary-dark.min.css */,
				801509EF2523EB1600E9A419 /* googlecode.min.css */,
				801509F02523EB1700E9A419 /* atom-one-dark-reasonable.min.css */,
				801509F12523EB1700E9A419 /* atelier-dune-light.min.css */,
				801509F22523EB1700E9A419 /* paraiso-dark.min.css */,
				801509F32523EB1700E9A419 /* zenburn.min.css */,
				801509F42523EB1700E9A419 /* androidstudio.min.css */,
				801509F52523EB1700E9A419 /* grayscale.min.css */,
				801509F62523EB1700E9A419 /* sunburst.min.css */,
				801509F72523EB1700E9A419 /* agate.min.css */,
				801509F82523EB1700E9A419 /* hybrid.min.css */,
				801509F92523EB1700E9A419 /* darcula.min.css */,
				801509FA2523EB1700E9A419 /* atelier-lakeside-light.min.css */,
				801509FB2523EB1700E9A419 /* monokai-sublime.min.css */,
				801509FC2523EB1700E9A419 /* an-old-hope.min.css */,
			);
			path = styles;
			sourceTree = "<group>";
		};
		801509FD2523EB1700E9A419 /* Highlighter */ = {
			isa = PBXGroup;
			children = (
				801509FE2523EB1700E9A419 /* highlight.min.js */,
			);
			path = Highlighter;
			sourceTree = "<group>";
		};
		8047FF44252F7E820088EB54 /* View */ = {
			isa = PBXGroup;
			children = (
				80093AEE24887DB9000AD359 /* CollectionViewCenterLayout.swift */,
				80093AEC24881BCB000AD359 /* RoundedView.swift */,
				8028414A24C61BAC00340D23 /* SelectableLabel.swift */,
			);
			path = View;
			sourceTree = "<group>";
		};
		8047FF47252F7EB30088EB54 /* Helper */ = {
			isa = PBXGroup;
			children = (
				8047F9BF252BB54D0088EB54 /* Observable.swift */,
			);
			path = Helper;
			sourceTree = "<group>";
		};
		806E1AA32427948D005D7E24 = {
			isa = PBXGroup;
			children = (
				80EF1E58242798140016D0A2 /* Library */,
				806E1AAE2427948D005D7E24 /* HTTPProxy */,
				806E1AC32427948F005D7E24 /* HTTPProxyTests */,
				806E1ACE2427948F005D7E24 /* HTTPProxyUITests */,
				806E1AAD2427948D005D7E24 /* Products */,
				13CEE0F8E923E0158808D3B3 /* Pods */,
				B84FCB5A0CD120F87BE7BB3C /* Frameworks */,
			);
			sourceTree = "<group>";
		};
		806E1AAD2427948D005D7E24 /* Products */ = {
			isa = PBXGroup;
			children = (
				806E1AAC2427948D005D7E24 /* HTTPProxy.app */,
				806E1AC02427948F005D7E24 /* HTTPProxyTests.xctest */,
				806E1ACB2427948F005D7E24 /* HTTPProxyUITests.xctest */,
			);
			name = Products;
			sourceTree = "<group>";
		};
		806E1AAE2427948D005D7E24 /* HTTPProxy */ = {
			isa = PBXGroup;
			children = (
				806E1AAF2427948D005D7E24 /* AppDelegate.swift */,
				806E1AB12427948D005D7E24 /* ViewController.swift */,
				806E1AB32427948D005D7E24 /* Main.storyboard */,
				806E1AB62427948F005D7E24 /* Assets.xcassets */,
				806E1AB82427948F005D7E24 /* LaunchScreen.storyboard */,
				806E1ABB2427948F005D7E24 /* Info.plist */,
			);
			path = HTTPProxy;
			sourceTree = "<group>";
		};
		806E1AC32427948F005D7E24 /* HTTPProxyTests */ = {
			isa = PBXGroup;
			children = (
				806E1AC42427948F005D7E24 /* HTTPProxyTests.swift */,
				806E1AC62427948F005D7E24 /* Info.plist */,
				80CF4B13248A9E4A00756F51 /* RequestListFilterSpec.swift */,
				801453042493AC4A003DE46E /* StringSpec.swift */,
				8020256C250AA7F7009A4BAB /* NSString_RangesSpec.swift */,
			);
			path = HTTPProxyTests;
			sourceTree = "<group>";
		};
		806E1ACE2427948F005D7E24 /* HTTPProxyUITests */ = {
			isa = PBXGroup;
			children = (
				806E1ACF2427948F005D7E24 /* HTTPProxyUITests.swift */,
				806E1AD12427948F005D7E24 /* Info.plist */,
			);
			path = HTTPProxyUITests;
			sourceTree = "<group>";
		};
		80CBB6BB243A6DB4008F6BDE /* SearchableList */ = {
			isa = PBXGroup;
			children = (
				80BF81F8243F5B60001D54ED /* HeadersListController.swift */,
				80EF1E7A242798140016D0A2 /* RequestsListCell.swift */,
				80EF1E76242798140016D0A2 /* RequestsListCell.xib */,
				80EF1E6A242798140016D0A2 /* SearchableListViewController.swift */,
				80EF1E6C242798140016D0A2 /* SearchableListViewController.xib */,
			);
			path = SearchableList;
			sourceTree = "<group>";
		};
		80EF1E58242798140016D0A2 /* Library */ = {
			isa = PBXGroup;
			children = (
				80EF1E7E242798140016D0A2 /* Core */,
				80EF1E59242798140016D0A2 /* UI */,
				8015099A2523EB1600E9A419 /* Highlightr */,
			);
			name = Library;
			path = HTTPProxy/Library;
			sourceTree = "<group>";
		};
		80EF1E59242798140016D0A2 /* UI */ = {
			isa = PBXGroup;
			children = (
				809F5D122440717C00E27F17 /* ColorScheme.swift */,
				80EF1E7C242798140016D0A2 /* HTTPProxyPresenter.swift */,
				80D7D9D8244473CD00D115C1 /* HTTPProxyUI.swift */,
				8047FF47252F7EB30088EB54 /* Helper */,
				80EF1E5A242798140016D0A2 /* Extension */,
				8047FF44252F7E820088EB54 /* View */,
				80EF1E63242798140016D0A2 /* ViewController */,
			);
			path = UI;
			sourceTree = "<group>";
		};
		80EF1E5A242798140016D0A2 /* Extension */ = {
			isa = PBXGroup;
			children = (
				80EF1E5B242798140016D0A2 /* Data.swift */,
				8020256A250AA666009A4BAB /* NSAttributedString.swift */,
				80EF1E5F242798140016D0A2 /* String.swift */,
				80EF1E5C242798140016D0A2 /* UIColor.swift */,
				80EF1E60242798140016D0A2 /* UIFont.swift */,
				80EF1E61242798140016D0A2 /* UIWindow+ShakeGesture.swift */,
			);
			path = Extension;
			sourceTree = "<group>";
		};
		80EF1E63242798140016D0A2 /* ViewController */ = {
			isa = PBXGroup;
			children = (
				80EF1E67242798140016D0A2 /* RequestDetails */,
				80EF1E75242798140016D0A2 /* RequestsList */,
				80CBB6BB243A6DB4008F6BDE /* SearchableList */,
				80EF1E64242798140016D0A2 /* TextViewer */,
			);
			path = ViewController;
			sourceTree = "<group>";
		};
		80EF1E64242798140016D0A2 /* TextViewer */ = {
			isa = PBXGroup;
			children = (
				80EF1E66242798140016D0A2 /* TextViewerViewController.swift */,
				80EF1E65242798140016D0A2 /* TextViewerViewController.xib */,
				8047F9BB252BB4E70088EB54 /* TextViewerViewModel.swift */,
			);
			path = TextViewer;
			sourceTree = "<group>";
		};
		80EF1E67242798140016D0A2 /* RequestDetails */ = {
			isa = PBXGroup;
			children = (
				80EF1E6B242798140016D0A2 /* RequestDetailsPresenter.swift */,
				80EF1E74242798140016D0A2 /* RequestDetailsViewController.swift */,
				80EF1E72242798140016D0A2 /* RequestDetailsViewController.xib */,
			);
			path = RequestDetails;
			sourceTree = "<group>";
		};
		80EF1E75242798140016D0A2 /* RequestsList */ = {
			isa = PBXGroup;
			children = (
				80C632F9248D09CF00B36353 /* EditFilterViewController.storyboard */,
				80C632F5248BB0DA00B36353 /* EditFilterViewController.swift */,
				80D4917824852890007325AF /* RequestFilterViewController.swift */,
				80EF1E7B242798140016D0A2 /* RequestsListPresenter.swift */,
				80093AF024892FA8000AD359 /* RequestsListViewController.storyboard */,
				80EF1E79242798140016D0A2 /* RequestsListViewController.swift */,
				80EF1E77242798140016D0A2 /* RequestViewModel.swift */,
			);
			path = RequestsList;
			sourceTree = "<group>";
		};
		80EF1E7E242798140016D0A2 /* Core */ = {
			isa = PBXGroup;
			children = (
				80EF1E85242798140016D0A2 /* HTTPProxy.swift */,
				80EF1E7F242798140016D0A2 /* HTTPProxyDelegate.swift */,
				80093AEA24881A42000AD359 /* HTTPProxyFilter.swift */,
				80EF1E80242798140016D0A2 /* HTTPProxyRequestInterceptor.swift */,
				80EF1E81242798140016D0A2 /* HTTPProxyRequestInterceptorDelegate.swift */,
				80EF1E86242798140016D0A2 /* HTTPProxyURLProtocol.swift */,
				80EF1E83242798140016D0A2 /* HTTPRequest.swift */,
				80EF1E84242798140016D0A2 /* HTTPResponse.swift */,
			);
			path = Core;
			sourceTree = "<group>";
		};
		B84FCB5A0CD120F87BE7BB3C /* Frameworks */ = {
			isa = PBXGroup;
			children = (
				96BDDF51D4D6273C7A21265A /* Pods_HTTPProxy.framework */,
				1ADCA4653BB56FC6647819D7 /* Pods_HTTPProxyTests.framework */,
			);
			name = Frameworks;
			sourceTree = "<group>";
		};
/* End PBXGroup section */

/* Begin PBXNativeTarget section */
		806E1AAB2427948D005D7E24 /* HTTPProxy */ = {
			isa = PBXNativeTarget;
			buildConfigurationList = 806E1AD42427948F005D7E24 /* Build configuration list for PBXNativeTarget "HTTPProxy" */;
			buildPhases = (
				4F47E946E89309E92A4EC0B4 /* [CP] Check Pods Manifest.lock */,
				806E1AA82427948D005D7E24 /* Sources */,
				806E1AA92427948D005D7E24 /* Frameworks */,
				806E1AAA2427948D005D7E24 /* Resources */,
				80DC7BFD2428C9CF00FBF68A /* Embed Frameworks */,
				809F5D112440623E00E27F17 /* ShellScript */,
			);
			buildRules = (
			);
			dependencies = (
			);
			name = HTTPProxy;
			productName = HTTPProxy;
			productReference = 806E1AAC2427948D005D7E24 /* HTTPProxy.app */;
			productType = "com.apple.product-type.application";
		};
		806E1ABF2427948F005D7E24 /* HTTPProxyTests */ = {
			isa = PBXNativeTarget;
			buildConfigurationList = 806E1AD72427948F005D7E24 /* Build configuration list for PBXNativeTarget "HTTPProxyTests" */;
			buildPhases = (
				EE056B9CD95A7AD4BDA42409 /* [CP] Check Pods Manifest.lock */,
				806E1ABC2427948F005D7E24 /* Sources */,
				806E1ABD2427948F005D7E24 /* Frameworks */,
				806E1ABE2427948F005D7E24 /* Resources */,
				1F6A1C08611900A6FA8DF655 /* [CP] Embed Pods Frameworks */,
			);
			buildRules = (
			);
			dependencies = (
				806E1AC22427948F005D7E24 /* PBXTargetDependency */,
			);
			name = HTTPProxyTests;
			productName = HTTPProxyTests;
			productReference = 806E1AC02427948F005D7E24 /* HTTPProxyTests.xctest */;
			productType = "com.apple.product-type.bundle.unit-test";
		};
		806E1ACA2427948F005D7E24 /* HTTPProxyUITests */ = {
			isa = PBXNativeTarget;
			buildConfigurationList = 806E1ADA2427948F005D7E24 /* Build configuration list for PBXNativeTarget "HTTPProxyUITests" */;
			buildPhases = (
				806E1AC72427948F005D7E24 /* Sources */,
				806E1AC82427948F005D7E24 /* Frameworks */,
				806E1AC92427948F005D7E24 /* Resources */,
			);
			buildRules = (
			);
			dependencies = (
				806E1ACD2427948F005D7E24 /* PBXTargetDependency */,
			);
			name = HTTPProxyUITests;
			productName = HTTPProxyUITests;
			productReference = 806E1ACB2427948F005D7E24 /* HTTPProxyUITests.xctest */;
			productType = "com.apple.product-type.bundle.ui-testing";
		};
/* End PBXNativeTarget section */

/* Begin PBXProject section */
		806E1AA42427948D005D7E24 /* Project object */ = {
			isa = PBXProject;
			attributes = {
				LastSwiftUpdateCheck = 1030;
				LastUpgradeCheck = 1200;
				ORGANIZATIONNAME = "";
				TargetAttributes = {
					806E1AAB2427948D005D7E24 = {
						CreatedOnToolsVersion = 10.3;
					};
					806E1ABF2427948F005D7E24 = {
						CreatedOnToolsVersion = 10.3;
						TestTargetID = 806E1AAB2427948D005D7E24;
					};
					806E1ACA2427948F005D7E24 = {
						CreatedOnToolsVersion = 10.3;
						TestTargetID = 806E1AAB2427948D005D7E24;
					};
				};
			};
			buildConfigurationList = 806E1AA72427948D005D7E24 /* Build configuration list for PBXProject "HTTPProxy" */;
			compatibilityVersion = "Xcode 9.3";
			developmentRegion = en;
			hasScannedForEncodings = 0;
			knownRegions = (
				en,
				Base,
			);
			mainGroup = 806E1AA32427948D005D7E24;
			productRefGroup = 806E1AAD2427948D005D7E24 /* Products */;
			projectDirPath = "";
			projectRoot = "";
			targets = (
				806E1AAB2427948D005D7E24 /* HTTPProxy */,
				806E1ABF2427948F005D7E24 /* HTTPProxyTests */,
				806E1ACA2427948F005D7E24 /* HTTPProxyUITests */,
			);
		};
/* End PBXProject section */

/* Begin PBXResourcesBuildPhase section */
		806E1AAA2427948D005D7E24 /* Resources */ = {
			isa = PBXResourcesBuildPhase;
			buildActionMask = 2147483647;
			files = (
				80150A172523EB1700E9A419 /* atelier-dune-dark.min.css in Resources */,
				80150A452523EB1700E9A419 /* atelier-sulphurpool-light.min.css in Resources */,
				80150A4A2523EB1700E9A419 /* solarized-light.min.css in Resources */,
				80150A202523EB1700E9A419 /* github-gist.min.css in Resources */,
				80150A112523EB1700E9A419 /* rainbow.min.css in Resources */,
				80150A3B2523EB1700E9A419 /* nord.min.css in Resources */,
				80150A0E2523EB1700E9A419 /* vs2015.min.css in Resources */,
				80150A092523EB1700E9A419 /* atelier-plateau-light.min.css in Resources */,
				80150A142523EB1700E9A419 /* kimbie.dark.min.css in Resources */,
				80150A2D2523EB1700E9A419 /* lightfair.min.css in Resources */,
				80EF1E9B242798140016D0A2 /* RequestDetailsViewController.xib in Resources */,
				80150A1F2523EB1700E9A419 /* ocean.min.css in Resources */,
				80C632FA248D09CF00B36353 /* EditFilterViewController.storyboard in Resources */,
				80150A242523EB1700E9A419 /* qtcreator_dark.min.css in Resources */,
				80150A582523EB1700E9A419 /* agate.min.css in Resources */,
				80150A432523EB1700E9A419 /* atelier-cave-light.min.css in Resources */,
				80150A1C2523EB1700E9A419 /* atelier-estuary-light.min.css in Resources */,
				80150A232523EB1700E9A419 /* atom-one-dark.min.css in Resources */,
				80150A562523EB1700E9A419 /* grayscale.min.css in Resources */,
				80150A2B2523EB1700E9A419 /* tomorrow-night.min.css in Resources */,
				80150A302523EB1700E9A419 /* idea.min.css in Resources */,
				80150A282523EB1700E9A419 /* routeros.min.css in Resources */,
				80150A1E2523EB1700E9A419 /* mono-blue.min.css in Resources */,
				80150A292523EB1700E9A419 /* atelier-forest-dark.min.css in Resources */,
				80150A542523EB1700E9A419 /* zenburn.min.css in Resources */,
				80150A2F2523EB1700E9A419 /* gruvbox-light.min.css in Resources */,
				80150A532523EB1700E9A419 /* paraiso-dark.min.css in Resources */,
				806E1ABA2427948F005D7E24 /* LaunchScreen.storyboard in Resources */,
				80150A0F2523EB1700E9A419 /* atelier-heath-dark.min.css in Resources */,
				80150A442523EB1700E9A419 /* a11y-dark.min.css in Resources */,
				80150A4E2523EB1700E9A419 /* codepen-embed.min.css in Resources */,
				80150A332523EB1700E9A419 /* arduino-light.min.css in Resources */,
				80150A382523EB1700E9A419 /* purebasic.min.css in Resources */,
				80150A5E2523EB1700E9A419 /* highlight.min.js in Resources */,
				80150A102523EB1700E9A419 /* paraiso-light.min.css in Resources */,
				80150A4F2523EB1700E9A419 /* atelier-estuary-dark.min.css in Resources */,
				80150A5B2523EB1700E9A419 /* atelier-lakeside-light.min.css in Resources */,
				80150A3C2523EB1700E9A419 /* dark.min.css in Resources */,
				80150A352523EB1700E9A419 /* dracula.min.css in Resources */,
				80150A262523EB1700E9A419 /* color-brewer.min.css in Resources */,
				80150A0D2523EB1700E9A419 /* tomorrow-night-blue.min.css in Resources */,
				80150A422523EB1700E9A419 /* isbl-editor-light.min.css in Resources */,
				80150A312523EB1700E9A419 /* tomorrow.min.css in Resources */,
				80150A5C2523EB1700E9A419 /* monokai-sublime.min.css in Resources */,
				80150A2A2523EB1700E9A419 /* gml.min.css in Resources */,
				80150A462523EB1700E9A419 /* atelier-plateau-dark.min.css in Resources */,
				80150A522523EB1700E9A419 /* atelier-dune-light.min.css in Resources */,
				80150A472523EB1700E9A419 /* darkula.min.css in Resources */,
				80150A152523EB1700E9A419 /* atelier-heath-light.min.css in Resources */,
				80150A182523EB1700E9A419 /* shades-of-purple.min.css in Resources */,
				806E1AB72427948F005D7E24 /* Assets.xcassets in Resources */,
				80150A1D2523EB1700E9A419 /* xt256.min.css in Resources */,
				80150A3F2523EB1700E9A419 /* docco.min.css in Resources */,
				80150A0B2523EB1700E9A419 /* xcode.min.css in Resources */,
				80150A162523EB1700E9A419 /* far.min.css in Resources */,
				80150A342523EB1700E9A419 /* gruvbox-dark.min.css in Resources */,
				80150A372523EB1700E9A419 /* arta.min.css in Resources */,
				80150A492523EB1700E9A419 /* ir-black.min.css in Resources */,
				80150A392523EB1700E9A419 /* hopscotch.min.css in Resources */,
				80150A322523EB1700E9A419 /* atelier-forest-light.min.css in Resources */,
				801509FF2523EB1700E9A419 /* LICENSE in Resources */,
				80150A412523EB1700E9A419 /* ascetic.min.css in Resources */,
				80150A122523EB1700E9A419 /* qtcreator_light.min.css in Resources */,
				80EF1E95242798140016D0A2 /* SearchableListViewController.xib in Resources */,
				80150A5D2523EB1700E9A419 /* an-old-hope.min.css in Resources */,
				80150A052523EB1700E9A419 /* vs.min.css in Resources */,
				80150A4B2523EB1700E9A419 /* tomorrow-night-bright.min.css in Resources */,
				80150A3D2523EB1700E9A419 /* atom-one-light.min.css in Resources */,
				80150A1A2523EB1700E9A419 /* railscasts.min.css in Resources */,
				80150A4D2523EB1700E9A419 /* foundation.min.css in Resources */,
				80150A2E2523EB1700E9A419 /* atelier-lakeside-dark.min.css in Resources */,
				806E1AB52427948D005D7E24 /* Main.storyboard in Resources */,
				80150A212523EB1700E9A419 /* atelier-seaside-light.min.css in Resources */,
				80EF1E8F242798140016D0A2 /* TextViewerViewController.xib in Resources */,
				80150A272523EB1700E9A419 /* pojoaque.min.css in Resources */,
				80150A552523EB1700E9A419 /* androidstudio.min.css in Resources */,
				80150A362523EB1700E9A419 /* magula.min.css in Resources */,
				80150A082523EB1700E9A419 /* brown-paper.min.css in Resources */,
				80150A192523EB1700E9A419 /* kimbie.light.min.css in Resources */,
				80150A482523EB1700E9A419 /* atelier-cave-dark.min.css in Resources */,
				80150A222523EB1700E9A419 /* tomorrow-night-eighties.min.css in Resources */,
				80150A512523EB1700E9A419 /* atom-one-dark-reasonable.min.css in Resources */,
				80150A252523EB1700E9A419 /* atelier-savanna-dark.min.css in Resources */,
				80150A062523EB1700E9A419 /* atelier-seaside-dark.min.css in Resources */,
				80150A592523EB1700E9A419 /* hybrid.min.css in Resources */,
				80150A3E2523EB1700E9A419 /* monokai.min.css in Resources */,
				80150A0A2523EB1700E9A419 /* school-book.min.css in Resources */,
				80150A572523EB1700E9A419 /* sunburst.min.css in Resources */,
				80150A5A2523EB1700E9A419 /* darcula.min.css in Resources */,
				80150A502523EB1700E9A419 /* googlecode.min.css in Resources */,
				80EF1E9E242798140016D0A2 /* RequestsListCell.xib in Resources */,
				80150A072523EB1700E9A419 /* isbl-editor-dark.min.css in Resources */,
				80150A3A2523EB1700E9A419 /* github.min.css in Resources */,
				80150A132523EB1700E9A419 /* a11y-light.min.css in Resources */,
				80150A2C2523EB1700E9A419 /* obsidian.min.css in Resources */,
				80150A0C2523EB1700E9A419 /* atelier-sulphurpool-dark.min.css in Resources */,
				80150A4C2523EB1700E9A419 /* atelier-savanna-light.min.css in Resources */,
				80150A402523EB1700E9A419 /* default.min.css in Resources */,
				80093AF124892FA8000AD359 /* RequestsListViewController.storyboard in Resources */,
				80150A1B2523EB1700E9A419 /* solarized-dark.min.css in Resources */,
			);
			runOnlyForDeploymentPostprocessing = 0;
		};
		806E1ABE2427948F005D7E24 /* Resources */ = {
			isa = PBXResourcesBuildPhase;
			buildActionMask = 2147483647;
			files = (
			);
			runOnlyForDeploymentPostprocessing = 0;
		};
		806E1AC92427948F005D7E24 /* Resources */ = {
			isa = PBXResourcesBuildPhase;
			buildActionMask = 2147483647;
			files = (
			);
			runOnlyForDeploymentPostprocessing = 0;
		};
/* End PBXResourcesBuildPhase section */

/* Begin PBXShellScriptBuildPhase section */
		1F6A1C08611900A6FA8DF655 /* [CP] Embed Pods Frameworks */ = {
			isa = PBXShellScriptBuildPhase;
			buildActionMask = 2147483647;
			files = (
			);
			inputFileListPaths = (
				"${PODS_ROOT}/Target Support Files/Pods-HTTPProxyTests/Pods-HTTPProxyTests-frameworks-${CONFIGURATION}-input-files.xcfilelist",
			);
			name = "[CP] Embed Pods Frameworks";
			outputFileListPaths = (
				"${PODS_ROOT}/Target Support Files/Pods-HTTPProxyTests/Pods-HTTPProxyTests-frameworks-${CONFIGURATION}-output-files.xcfilelist",
			);
			runOnlyForDeploymentPostprocessing = 0;
			shellPath = /bin/sh;
			shellScript = "\"${PODS_ROOT}/Target Support Files/Pods-HTTPProxyTests/Pods-HTTPProxyTests-frameworks.sh\"\n";
			showEnvVarsInLog = 0;
		};
		4F47E946E89309E92A4EC0B4 /* [CP] Check Pods Manifest.lock */ = {
			isa = PBXShellScriptBuildPhase;
			buildActionMask = 2147483647;
			files = (
			);
			inputFileListPaths = (
			);
			inputPaths = (
				"${PODS_PODFILE_DIR_PATH}/Podfile.lock",
				"${PODS_ROOT}/Manifest.lock",
			);
			name = "[CP] Check Pods Manifest.lock";
			outputFileListPaths = (
			);
			outputPaths = (
				"$(DERIVED_FILE_DIR)/Pods-HTTPProxy-checkManifestLockResult.txt",
			);
			runOnlyForDeploymentPostprocessing = 0;
			shellPath = /bin/sh;
			shellScript = "diff \"${PODS_PODFILE_DIR_PATH}/Podfile.lock\" \"${PODS_ROOT}/Manifest.lock\" > /dev/null\nif [ $? != 0 ] ; then\n    # print error to STDERR\n    echo \"error: The sandbox is not in sync with the Podfile.lock. Run 'pod install' or update your CocoaPods installation.\" >&2\n    exit 1\nfi\n# This output is used by Xcode 'outputs' to avoid re-running this script phase.\necho \"SUCCESS\" > \"${SCRIPT_OUTPUT_FILE_0}\"\n";
			showEnvVarsInLog = 0;
		};
		809F5D112440623E00E27F17 /* ShellScript */ = {
			isa = PBXShellScriptBuildPhase;
			buildActionMask = 2147483647;
			files = (
			);
			inputFileListPaths = (
			);
			inputPaths = (
			);
			outputFileListPaths = (
			);
			outputPaths = (
			);
			runOnlyForDeploymentPostprocessing = 0;
			shellPath = /bin/sh;
			shellScript = "if which swiftlint >/dev/null; then\n  swiftlint\nelse\n  echo \"warning: SwiftLint not installed, download from https://github.com/realm/SwiftLint\"\nfi\n";
		};
		EE056B9CD95A7AD4BDA42409 /* [CP] Check Pods Manifest.lock */ = {
			isa = PBXShellScriptBuildPhase;
			buildActionMask = 2147483647;
			files = (
			);
			inputFileListPaths = (
			);
			inputPaths = (
				"${PODS_PODFILE_DIR_PATH}/Podfile.lock",
				"${PODS_ROOT}/Manifest.lock",
			);
			name = "[CP] Check Pods Manifest.lock";
			outputFileListPaths = (
			);
			outputPaths = (
				"$(DERIVED_FILE_DIR)/Pods-HTTPProxyTests-checkManifestLockResult.txt",
			);
			runOnlyForDeploymentPostprocessing = 0;
			shellPath = /bin/sh;
			shellScript = "diff \"${PODS_PODFILE_DIR_PATH}/Podfile.lock\" \"${PODS_ROOT}/Manifest.lock\" > /dev/null\nif [ $? != 0 ] ; then\n    # print error to STDERR\n    echo \"error: The sandbox is not in sync with the Podfile.lock. Run 'pod install' or update your CocoaPods installation.\" >&2\n    exit 1\nfi\n# This output is used by Xcode 'outputs' to avoid re-running this script phase.\necho \"SUCCESS\" > \"${SCRIPT_OUTPUT_FILE_0}\"\n";
			showEnvVarsInLog = 0;
		};
/* End PBXShellScriptBuildPhase section */

/* Begin PBXSourcesBuildPhase section */
		806E1AA82427948D005D7E24 /* Sources */ = {
			isa = PBXSourcesBuildPhase;
			buildActionMask = 2147483647;
			files = (
				80EF1E93242798140016D0A2 /* SearchableListViewController.swift in Sources */,
				806E1AB22427948D005D7E24 /* ViewController.swift in Sources */,
				80EF1E88242798140016D0A2 /* UIColor.swift in Sources */,
				80EF1EAA242798140016D0A2 /* HTTPRequest.swift in Sources */,
				8047F9BC252BB4E70088EB54 /* TextViewerViewModel.swift in Sources */,
				80150A022523EB1700E9A419 /* HTMLUtils.swift in Sources */,
				80EF1E9D242798140016D0A2 /* RequestDetailsViewController.swift in Sources */,
				80EF1E9F242798140016D0A2 /* RequestViewModel.swift in Sources */,
				80EF1EA4242798140016D0A2 /* HTTPProxyPresenter.swift in Sources */,
				8028414B24C61BAC00340D23 /* SelectableLabel.swift in Sources */,
				80150A012523EB1700E9A419 /* Highlightr.swift in Sources */,
				80EF1EAC242798140016D0A2 /* HTTPProxy.swift in Sources */,
				80BF81F9243F5B60001D54ED /* HeadersListController.swift in Sources */,
				80EF1EAB242798140016D0A2 /* HTTPResponse.swift in Sources */,
				80EF1EA2242798140016D0A2 /* RequestsListCell.swift in Sources */,
				80EF1EA3242798140016D0A2 /* RequestsListPresenter.swift in Sources */,
				8047F9C0252BB54D0088EB54 /* Observable.swift in Sources */,
				80EF1EA7242798140016D0A2 /* HTTPProxyRequestInterceptor.swift in Sources */,
				80EF1E8D242798140016D0A2 /* UIWindow+ShakeGesture.swift in Sources */,
				80EF1E87242798140016D0A2 /* Data.swift in Sources */,
				80EF1E8C242798140016D0A2 /* UIFont.swift in Sources */,
				80EF1E90242798140016D0A2 /* TextViewerViewController.swift in Sources */,
				80150A042523EB1700E9A419 /* Shims.swift in Sources */,
				80EF1EA6242798140016D0A2 /* HTTPProxyDelegate.swift in Sources */,
				809F5D132440717C00E27F17 /* ColorScheme.swift in Sources */,
				80EF1EA1242798140016D0A2 /* RequestsListViewController.swift in Sources */,
				80D4917A24852890007325AF /* RequestFilterViewController.swift in Sources */,
				80093AED24881BCB000AD359 /* RoundedView.swift in Sources */,
				80150A032523EB1700E9A419 /* Theme.swift in Sources */,
				80EF1E94242798140016D0A2 /* RequestDetailsPresenter.swift in Sources */,
				80EF1E8B242798140016D0A2 /* String.swift in Sources */,
				8020256B250AA666009A4BAB /* NSAttributedString.swift in Sources */,
				80093AEB24881A42000AD359 /* HTTPProxyFilter.swift in Sources */,
				80150A002523EB1700E9A419 /* CodeAttributedString.swift in Sources */,
				80C632F6248BB0DA00B36353 /* EditFilterViewController.swift in Sources */,
				80EF1EA8242798140016D0A2 /* HTTPProxyRequestInterceptorDelegate.swift in Sources */,
				80D7D9D9244473CD00D115C1 /* HTTPProxyUI.swift in Sources */,
				80EF1EAD242798140016D0A2 /* HTTPProxyURLProtocol.swift in Sources */,
				801453032493AC0D003DE46E /* CollectionViewCenterLayout.swift in Sources */,
				806E1AB02427948D005D7E24 /* AppDelegate.swift in Sources */,
			);
			runOnlyForDeploymentPostprocessing = 0;
		};
		806E1ABC2427948F005D7E24 /* Sources */ = {
			isa = PBXSourcesBuildPhase;
			buildActionMask = 2147483647;
			files = (
				806E1AC52427948F005D7E24 /* HTTPProxyTests.swift in Sources */,
				8020256D250AA7F7009A4BAB /* NSString_RangesSpec.swift in Sources */,
				801453052493AC4A003DE46E /* StringSpec.swift in Sources */,
				80CF4B14248A9E4A00756F51 /* RequestListFilterSpec.swift in Sources */,
			);
			runOnlyForDeploymentPostprocessing = 0;
		};
		806E1AC72427948F005D7E24 /* Sources */ = {
			isa = PBXSourcesBuildPhase;
			buildActionMask = 2147483647;
			files = (
				806E1AD02427948F005D7E24 /* HTTPProxyUITests.swift in Sources */,
			);
			runOnlyForDeploymentPostprocessing = 0;
		};
/* End PBXSourcesBuildPhase section */

/* Begin PBXTargetDependency section */
		806E1AC22427948F005D7E24 /* PBXTargetDependency */ = {
			isa = PBXTargetDependency;
			target = 806E1AAB2427948D005D7E24 /* HTTPProxy */;
			targetProxy = 806E1AC12427948F005D7E24 /* PBXContainerItemProxy */;
		};
		806E1ACD2427948F005D7E24 /* PBXTargetDependency */ = {
			isa = PBXTargetDependency;
			target = 806E1AAB2427948D005D7E24 /* HTTPProxy */;
			targetProxy = 806E1ACC2427948F005D7E24 /* PBXContainerItemProxy */;
		};
/* End PBXTargetDependency section */

/* Begin PBXVariantGroup section */
		806E1AB32427948D005D7E24 /* Main.storyboard */ = {
			isa = PBXVariantGroup;
			children = (
				806E1AB42427948D005D7E24 /* Base */,
			);
			name = Main.storyboard;
			sourceTree = "<group>";
		};
		806E1AB82427948F005D7E24 /* LaunchScreen.storyboard */ = {
			isa = PBXVariantGroup;
			children = (
				806E1AB92427948F005D7E24 /* Base */,
			);
			name = LaunchScreen.storyboard;
			sourceTree = "<group>";
		};
/* End PBXVariantGroup section */

/* Begin XCBuildConfiguration section */
		806E1AD22427948F005D7E24 /* Debug */ = {
			isa = XCBuildConfiguration;
			buildSettings = {
				ALWAYS_SEARCH_USER_PATHS = NO;
				CLANG_ANALYZER_NONNULL = YES;
				CLANG_ANALYZER_NUMBER_OBJECT_CONVERSION = YES_AGGRESSIVE;
				CLANG_CXX_LANGUAGE_STANDARD = "gnu++14";
				CLANG_CXX_LIBRARY = "libc++";
				CLANG_ENABLE_MODULES = YES;
				CLANG_ENABLE_OBJC_ARC = YES;
				CLANG_ENABLE_OBJC_WEAK = YES;
				CLANG_WARN_BLOCK_CAPTURE_AUTORELEASING = YES;
				CLANG_WARN_BOOL_CONVERSION = YES;
				CLANG_WARN_COMMA = YES;
				CLANG_WARN_CONSTANT_CONVERSION = YES;
				CLANG_WARN_DEPRECATED_OBJC_IMPLEMENTATIONS = YES;
				CLANG_WARN_DIRECT_OBJC_ISA_USAGE = YES_ERROR;
				CLANG_WARN_DOCUMENTATION_COMMENTS = YES;
				CLANG_WARN_EMPTY_BODY = YES;
				CLANG_WARN_ENUM_CONVERSION = YES;
				CLANG_WARN_INFINITE_RECURSION = YES;
				CLANG_WARN_INT_CONVERSION = YES;
				CLANG_WARN_NON_LITERAL_NULL_CONVERSION = YES;
				CLANG_WARN_OBJC_IMPLICIT_RETAIN_SELF = YES;
				CLANG_WARN_OBJC_LITERAL_CONVERSION = YES;
				CLANG_WARN_OBJC_ROOT_CLASS = YES_ERROR;
				CLANG_WARN_QUOTED_INCLUDE_IN_FRAMEWORK_HEADER = YES;
				CLANG_WARN_RANGE_LOOP_ANALYSIS = YES;
				CLANG_WARN_STRICT_PROTOTYPES = YES;
				CLANG_WARN_SUSPICIOUS_MOVE = YES;
				CLANG_WARN_UNGUARDED_AVAILABILITY = YES_AGGRESSIVE;
				CLANG_WARN_UNREACHABLE_CODE = YES;
				CLANG_WARN__DUPLICATE_METHOD_MATCH = YES;
				CODE_SIGN_IDENTITY = "iPhone Developer";
				COPY_PHASE_STRIP = NO;
				DEBUG_INFORMATION_FORMAT = dwarf;
				ENABLE_STRICT_OBJC_MSGSEND = YES;
				ENABLE_TESTABILITY = YES;
				GCC_C_LANGUAGE_STANDARD = gnu11;
				GCC_DYNAMIC_NO_PIC = NO;
				GCC_NO_COMMON_BLOCKS = YES;
				GCC_OPTIMIZATION_LEVEL = 0;
				GCC_PREPROCESSOR_DEFINITIONS = (
					"DEBUG=1",
					"$(inherited)",
				);
				GCC_WARN_64_TO_32_BIT_CONVERSION = YES;
				GCC_WARN_ABOUT_RETURN_TYPE = YES_ERROR;
				GCC_WARN_UNDECLARED_SELECTOR = YES;
				GCC_WARN_UNINITIALIZED_AUTOS = YES_AGGRESSIVE;
				GCC_WARN_UNUSED_FUNCTION = YES;
				GCC_WARN_UNUSED_VARIABLE = YES;
				IPHONEOS_DEPLOYMENT_TARGET = 9.0;
				MTL_ENABLE_DEBUG_INFO = INCLUDE_SOURCE;
				MTL_FAST_MATH = YES;
				ONLY_ACTIVE_ARCH = YES;
				SDKROOT = iphoneos;
				SWIFT_ACTIVE_COMPILATION_CONDITIONS = DEBUG;
				SWIFT_OPTIMIZATION_LEVEL = "-Onone";
			};
			name = Debug;
		};
		806E1AD32427948F005D7E24 /* Release */ = {
			isa = XCBuildConfiguration;
			buildSettings = {
				ALWAYS_SEARCH_USER_PATHS = NO;
				CLANG_ANALYZER_NONNULL = YES;
				CLANG_ANALYZER_NUMBER_OBJECT_CONVERSION = YES_AGGRESSIVE;
				CLANG_CXX_LANGUAGE_STANDARD = "gnu++14";
				CLANG_CXX_LIBRARY = "libc++";
				CLANG_ENABLE_MODULES = YES;
				CLANG_ENABLE_OBJC_ARC = YES;
				CLANG_ENABLE_OBJC_WEAK = YES;
				CLANG_WARN_BLOCK_CAPTURE_AUTORELEASING = YES;
				CLANG_WARN_BOOL_CONVERSION = YES;
				CLANG_WARN_COMMA = YES;
				CLANG_WARN_CONSTANT_CONVERSION = YES;
				CLANG_WARN_DEPRECATED_OBJC_IMPLEMENTATIONS = YES;
				CLANG_WARN_DIRECT_OBJC_ISA_USAGE = YES_ERROR;
				CLANG_WARN_DOCUMENTATION_COMMENTS = YES;
				CLANG_WARN_EMPTY_BODY = YES;
				CLANG_WARN_ENUM_CONVERSION = YES;
				CLANG_WARN_INFINITE_RECURSION = YES;
				CLANG_WARN_INT_CONVERSION = YES;
				CLANG_WARN_NON_LITERAL_NULL_CONVERSION = YES;
				CLANG_WARN_OBJC_IMPLICIT_RETAIN_SELF = YES;
				CLANG_WARN_OBJC_LITERAL_CONVERSION = YES;
				CLANG_WARN_OBJC_ROOT_CLASS = YES_ERROR;
				CLANG_WARN_QUOTED_INCLUDE_IN_FRAMEWORK_HEADER = YES;
				CLANG_WARN_RANGE_LOOP_ANALYSIS = YES;
				CLANG_WARN_STRICT_PROTOTYPES = YES;
				CLANG_WARN_SUSPICIOUS_MOVE = YES;
				CLANG_WARN_UNGUARDED_AVAILABILITY = YES_AGGRESSIVE;
				CLANG_WARN_UNREACHABLE_CODE = YES;
				CLANG_WARN__DUPLICATE_METHOD_MATCH = YES;
				CODE_SIGN_IDENTITY = "iPhone Developer";
				COPY_PHASE_STRIP = NO;
				DEBUG_INFORMATION_FORMAT = "dwarf-with-dsym";
				ENABLE_NS_ASSERTIONS = NO;
				ENABLE_STRICT_OBJC_MSGSEND = YES;
				GCC_C_LANGUAGE_STANDARD = gnu11;
				GCC_NO_COMMON_BLOCKS = YES;
				GCC_WARN_64_TO_32_BIT_CONVERSION = YES;
				GCC_WARN_ABOUT_RETURN_TYPE = YES_ERROR;
				GCC_WARN_UNDECLARED_SELECTOR = YES;
				GCC_WARN_UNINITIALIZED_AUTOS = YES_AGGRESSIVE;
				GCC_WARN_UNUSED_FUNCTION = YES;
				GCC_WARN_UNUSED_VARIABLE = YES;
				IPHONEOS_DEPLOYMENT_TARGET = 9.0;
				MTL_ENABLE_DEBUG_INFO = NO;
				MTL_FAST_MATH = YES;
				SDKROOT = iphoneos;
				SWIFT_COMPILATION_MODE = wholemodule;
				SWIFT_OPTIMIZATION_LEVEL = "-O";
				VALIDATE_PRODUCT = YES;
			};
			name = Release;
		};
		806E1AD52427948F005D7E24 /* Debug */ = {
			isa = XCBuildConfiguration;
			baseConfigurationReference = 25BF2623F2C00FBC01321027 /* Pods-HTTPProxy.debug.xcconfig */;
			buildSettings = {
				ASSETCATALOG_COMPILER_APPICON_NAME = AppIcon;
				CODE_SIGN_IDENTITY = "iPhone Developer";
				CODE_SIGN_STYLE = Manual;
				DEVELOPMENT_TEAM = AMR645UCFK;
				FRAMEWORK_SEARCH_PATHS = (
					"$(inherited)",
					"$(PROJECT_DIR)",
				);
				INFOPLIST_FILE = HTTPProxy/Info.plist;
				IPHONEOS_DEPLOYMENT_TARGET = 9.0;
				LD_RUNPATH_SEARCH_PATHS = (
					"$(inherited)",
					"@executable_path/Frameworks",
				);
				PRODUCT_BUNDLE_IDENTIFIER = com.rafaelleao.HTTPProxy;
				PRODUCT_NAME = "$(TARGET_NAME)";
				PROVISIONING_PROFILE_SPECIFIER = "Universal Development Profile";
				SWIFT_VERSION = 5.0;
				TARGETED_DEVICE_FAMILY = "1,2";
			};
			name = Debug;
		};
		806E1AD62427948F005D7E24 /* Release */ = {
			isa = XCBuildConfiguration;
			baseConfigurationReference = 98CDF010F7161FE2F8F3E283 /* Pods-HTTPProxy.release.xcconfig */;
			buildSettings = {
				ASSETCATALOG_COMPILER_APPICON_NAME = AppIcon;
				CODE_SIGN_IDENTITY = "iPhone Developer";
				CODE_SIGN_STYLE = Manual;
				DEVELOPMENT_TEAM = AMR645UCFK;
				FRAMEWORK_SEARCH_PATHS = (
					"$(inherited)",
					"$(PROJECT_DIR)",
				);
				INFOPLIST_FILE = HTTPProxy/Info.plist;
				IPHONEOS_DEPLOYMENT_TARGET = 9.0;
				LD_RUNPATH_SEARCH_PATHS = (
					"$(inherited)",
					"@executable_path/Frameworks",
				);
				PRODUCT_BUNDLE_IDENTIFIER = com.rafaelleao.HTTPProxy;
				PRODUCT_NAME = "$(TARGET_NAME)";
				PROVISIONING_PROFILE_SPECIFIER = "Universal Development Profile";
				SWIFT_VERSION = 5.0;
				TARGETED_DEVICE_FAMILY = "1,2";
			};
			name = Release;
		};
		806E1AD82427948F005D7E24 /* Debug */ = {
			isa = XCBuildConfiguration;
			baseConfigurationReference = AD4B71626F3153989FD62A50 /* Pods-HTTPProxyTests.debug.xcconfig */;
			buildSettings = {
				ALWAYS_EMBED_SWIFT_STANDARD_LIBRARIES = "$(inherited)";
				BUNDLE_LOADER = "$(TEST_HOST)";
				CODE_SIGN_STYLE = Automatic;
				DEVELOPMENT_TEAM = AMR645UCFK;
				INFOPLIST_FILE = HTTPProxyTests/Info.plist;
				LD_RUNPATH_SEARCH_PATHS = (
					"$(inherited)",
					"@executable_path/Frameworks",
					"@loader_path/Frameworks",
				);
				PRODUCT_BUNDLE_IDENTIFIER = com.rafaelleao.HTTPProxyTests;
				PRODUCT_NAME = "$(TARGET_NAME)";
				SWIFT_VERSION = 5.0;
				TARGETED_DEVICE_FAMILY = "1,2";
				TEST_HOST = "$(BUILT_PRODUCTS_DIR)/HTTPProxy.app/HTTPProxy";
			};
			name = Debug;
		};
		806E1AD92427948F005D7E24 /* Release */ = {
			isa = XCBuildConfiguration;
			baseConfigurationReference = 798A58489DB5225C5513C8EE /* Pods-HTTPProxyTests.release.xcconfig */;
			buildSettings = {
				ALWAYS_EMBED_SWIFT_STANDARD_LIBRARIES = "$(inherited)";
				BUNDLE_LOADER = "$(TEST_HOST)";
				CODE_SIGN_STYLE = Automatic;
				DEVELOPMENT_TEAM = AMR645UCFK;
				INFOPLIST_FILE = HTTPProxyTests/Info.plist;
				LD_RUNPATH_SEARCH_PATHS = (
					"$(inherited)",
					"@executable_path/Frameworks",
					"@loader_path/Frameworks",
				);
				PRODUCT_BUNDLE_IDENTIFIER = com.rafaelleao.HTTPProxyTests;
				PRODUCT_NAME = "$(TARGET_NAME)";
				SWIFT_VERSION = 5.0;
				TARGETED_DEVICE_FAMILY = "1,2";
				TEST_HOST = "$(BUILT_PRODUCTS_DIR)/HTTPProxy.app/HTTPProxy";
			};
			name = Release;
		};
		806E1ADB2427948F005D7E24 /* Debug */ = {
			isa = XCBuildConfiguration;
			buildSettings = {
				ALWAYS_EMBED_SWIFT_STANDARD_LIBRARIES = YES;
				CODE_SIGN_STYLE = Automatic;
				DEVELOPMENT_TEAM = AMR645UCFK;
				INFOPLIST_FILE = HTTPProxyUITests/Info.plist;
				LD_RUNPATH_SEARCH_PATHS = (
					"$(inherited)",
					"@executable_path/Frameworks",
					"@loader_path/Frameworks",
				);
				PRODUCT_BUNDLE_IDENTIFIER = com.rafaelleao.HTTPProxyUITests;
				PRODUCT_NAME = "$(TARGET_NAME)";
				SWIFT_VERSION = 5.0;
				TARGETED_DEVICE_FAMILY = "1,2";
				TEST_TARGET_NAME = HTTPProxy;
			};
			name = Debug;
		};
		806E1ADC2427948F005D7E24 /* Release */ = {
			isa = XCBuildConfiguration;
			buildSettings = {
				ALWAYS_EMBED_SWIFT_STANDARD_LIBRARIES = YES;
				CODE_SIGN_STYLE = Automatic;
				DEVELOPMENT_TEAM = AMR645UCFK;
				INFOPLIST_FILE = HTTPProxyUITests/Info.plist;
				LD_RUNPATH_SEARCH_PATHS = (
					"$(inherited)",
					"@executable_path/Frameworks",
					"@loader_path/Frameworks",
				);
				PRODUCT_BUNDLE_IDENTIFIER = com.rafaelleao.HTTPProxyUITests;
				PRODUCT_NAME = "$(TARGET_NAME)";
				SWIFT_VERSION = 5.0;
				TARGETED_DEVICE_FAMILY = "1,2";
				TEST_TARGET_NAME = HTTPProxy;
			};
			name = Release;
		};
/* End XCBuildConfiguration section */

/* Begin XCConfigurationList section */
		806E1AA72427948D005D7E24 /* Build configuration list for PBXProject "HTTPProxy" */ = {
			isa = XCConfigurationList;
			buildConfigurations = (
				806E1AD22427948F005D7E24 /* Debug */,
				806E1AD32427948F005D7E24 /* Release */,
			);
			defaultConfigurationIsVisible = 0;
			defaultConfigurationName = Release;
		};
		806E1AD42427948F005D7E24 /* Build configuration list for PBXNativeTarget "HTTPProxy" */ = {
			isa = XCConfigurationList;
			buildConfigurations = (
				806E1AD52427948F005D7E24 /* Debug */,
				806E1AD62427948F005D7E24 /* Release */,
			);
			defaultConfigurationIsVisible = 0;
			defaultConfigurationName = Release;
		};
		806E1AD72427948F005D7E24 /* Build configuration list for PBXNativeTarget "HTTPProxyTests" */ = {
			isa = XCConfigurationList;
			buildConfigurations = (
				806E1AD82427948F005D7E24 /* Debug */,
				806E1AD92427948F005D7E24 /* Release */,
			);
			defaultConfigurationIsVisible = 0;
			defaultConfigurationName = Release;
		};
		806E1ADA2427948F005D7E24 /* Build configuration list for PBXNativeTarget "HTTPProxyUITests" */ = {
			isa = XCConfigurationList;
			buildConfigurations = (
				806E1ADB2427948F005D7E24 /* Debug */,
				806E1ADC2427948F005D7E24 /* Release */,
			);
			defaultConfigurationIsVisible = 0;
			defaultConfigurationName = Release;
		};
/* End XCConfigurationList section */
	};
	rootObject = 806E1AA42427948D005D7E24 /* Project object */;
}
